// !$*UTF8*$!
{
	archiveVersion = 1;
	classes = {
	};
	objectVersion = 52;
	objects = {

/* Begin PBXBuildFile section */
		F020523D24F000F8000FFE80 /* FinalView.swift in Sources */ = {isa = PBXBuildFile; fileRef = F020523C24F000F8000FFE80 /* FinalView.swift */; };
		F020523E24F000F8000FFE80 /* FinalView.swift in Sources */ = {isa = PBXBuildFile; fileRef = F020523C24F000F8000FFE80 /* FinalView.swift */; };
		F0381E9824E823CA00EFEC06 /* AirKit in Frameworks */ = {isa = PBXBuildFile; productRef = F0381E9724E823CA00EFEC06 /* AirKit */; };
		F04671A324E95F0400C6921D /* PolyKit in Frameworks */ = {isa = PBXBuildFile; productRef = F04671A224E95F0400C6921D /* PolyKit */; };
		F04671A524E95F0800C6921D /* PolyKit in Frameworks */ = {isa = PBXBuildFile; productRef = F04671A424E95F0800C6921D /* PolyKit */; };
		F04671A724E95F4000C6921D /* HexGridView.swift in Sources */ = {isa = PBXBuildFile; fileRef = F04671A624E95F4000C6921D /* HexGridView.swift */; };
		F04671A824E95F4000C6921D /* HexGridView.swift in Sources */ = {isa = PBXBuildFile; fileRef = F04671A624E95F4000C6921D /* HexGridView.swift */; };
		F04671AA24E9606E00C6921D /* PolyView.swift in Sources */ = {isa = PBXBuildFile; fileRef = F04671A924E9606E00C6921D /* PolyView.swift */; };
		F04671AB24E9606E00C6921D /* PolyView.swift in Sources */ = {isa = PBXBuildFile; fileRef = F04671A924E9606E00C6921D /* PolyView.swift */; };
		F04671AD24E9B1E700C6921D /* SettingsView.swift in Sources */ = {isa = PBXBuildFile; fileRef = F04671AC24E9B1E700C6921D /* SettingsView.swift */; };
		F04671AE24E9B1E700C6921D /* SettingsView.swift in Sources */ = {isa = PBXBuildFile; fileRef = F04671AC24E9B1E700C6921D /* SettingsView.swift */; };
		F04671B024E9B23C00C6921D /* OutputView.swift in Sources */ = {isa = PBXBuildFile; fileRef = F04671AF24E9B23C00C6921D /* OutputView.swift */; };
		F04671B124E9B23C00C6921D /* OutputView.swift in Sources */ = {isa = PBXBuildFile; fileRef = F04671AF24E9B23C00C6921D /* OutputView.swift */; };
		F04671B324E9B27400C6921D /* InputView.swift in Sources */ = {isa = PBXBuildFile; fileRef = F04671B224E9B27400C6921D /* InputView.swift */; };
		F04671B424E9B27400C6921D /* InputView.swift in Sources */ = {isa = PBXBuildFile; fileRef = F04671B224E9B27400C6921D /* InputView.swift */; };
		F04671B624E9B89900C6921D /* Comp.swift in Sources */ = {isa = PBXBuildFile; fileRef = F04671B524E9B89900C6921D /* Comp.swift */; };
		F04671B724E9B89900C6921D /* Comp.swift in Sources */ = {isa = PBXBuildFile; fileRef = F04671B524E9B89900C6921D /* Comp.swift */; };
		F04671BB24E9B93100C6921D /* CompView.swift in Sources */ = {isa = PBXBuildFile; fileRef = F04671BA24E9B93100C6921D /* CompView.swift */; };
		F04671BC24E9B93100C6921D /* CompView.swift in Sources */ = {isa = PBXBuildFile; fileRef = F04671BA24E9B93100C6921D /* CompView.swift */; };
		F0642F8024EAE2A000693C7E /* GridView.swift in Sources */ = {isa = PBXBuildFile; fileRef = F0A65E7C24E47B090090895D /* GridView.swift */; };
		F07B98B424EA977A00CF83A5 /* CornerSettingView.swift in Sources */ = {isa = PBXBuildFile; fileRef = F07B98B324EA977A00CF83A5 /* CornerSettingView.swift */; };
		F07B98B524EA977A00CF83A5 /* CornerSettingView.swift in Sources */ = {isa = PBXBuildFile; fileRef = F07B98B324EA977A00CF83A5 /* CornerSettingView.swift */; };
		F08C1D7B24EC3B2B00639315 /* OSCKit in Frameworks */ = {isa = PBXBuildFile; productRef = F08C1D7A24EC3B2B00639315 /* OSCKit */; };
		F08C1D7D24EC3B3600639315 /* OSCKit in Frameworks */ = {isa = PBXBuildFile; productRef = F08C1D7C24EC3B3600639315 /* OSCKit */; };
		F08C1D8124EC424000639315 /* OSCOut.swift in Sources */ = {isa = PBXBuildFile; fileRef = F08C1D8024EC424000639315 /* OSCOut.swift */; };
		F08C1D8224EC426600639315 /* OSCOut.swift in Sources */ = {isa = PBXBuildFile; fileRef = F08C1D8024EC424000639315 /* OSCOut.swift */; };
		F08C1D8524EC466400639315 /* OSCIn.swift in Sources */ = {isa = PBXBuildFile; fileRef = F08C1D8424EC466400639315 /* OSCIn.swift */; };
		F08C1D8624EC46AD00639315 /* OSCIn.swift in Sources */ = {isa = PBXBuildFile; fileRef = F08C1D8424EC466400639315 /* OSCIn.swift */; };
		F08C1D8824EC488000639315 /* TestPattern.swift in Sources */ = {isa = PBXBuildFile; fileRef = F08C1D8724EC488000639315 /* TestPattern.swift */; };
		F08C1D8924EC488000639315 /* TestPattern.swift in Sources */ = {isa = PBXBuildFile; fileRef = F08C1D8724EC488000639315 /* TestPattern.swift */; };
		F08C1D8E24EC4ACC00639315 /* BG.swift in Sources */ = {isa = PBXBuildFile; fileRef = F08C1D8D24EC4ACC00639315 /* BG.swift */; };
		F08C1D8F24EC4ACC00639315 /* BG.swift in Sources */ = {isa = PBXBuildFile; fileRef = F08C1D8D24EC4ACC00639315 /* BG.swift */; };
		F08C1D9224EC4BBD00639315 /* Mono.swift in Sources */ = {isa = PBXBuildFile; fileRef = F08C1D9124EC4BBD00639315 /* Mono.swift */; };
		F08C1D9324EC4BBD00639315 /* Mono.swift in Sources */ = {isa = PBXBuildFile; fileRef = F08C1D9124EC4BBD00639315 /* Mono.swift */; };
		F094B1FF24E44C8D00039BCD /* VJApp.swift in Sources */ = {isa = PBXBuildFile; fileRef = F094B1EC24E44C8C00039BCD /* VJApp.swift */; };
		F094B20024E44C8D00039BCD /* VJApp.swift in Sources */ = {isa = PBXBuildFile; fileRef = F094B1EC24E44C8C00039BCD /* VJApp.swift */; };
		F094B20124E44C8D00039BCD /* ContentView.swift in Sources */ = {isa = PBXBuildFile; fileRef = F094B1ED24E44C8C00039BCD /* ContentView.swift */; };
		F094B20224E44C8D00039BCD /* ContentView.swift in Sources */ = {isa = PBXBuildFile; fileRef = F094B1ED24E44C8C00039BCD /* ContentView.swift */; };
		F094B20324E44C8D00039BCD /* Assets.xcassets in Resources */ = {isa = PBXBuildFile; fileRef = F094B1EE24E44C8D00039BCD /* Assets.xcassets */; };
		F094B20424E44C8D00039BCD /* Assets.xcassets in Resources */ = {isa = PBXBuildFile; fileRef = F094B1EE24E44C8D00039BCD /* Assets.xcassets */; };
		F094B20E24E44CBD00039BCD /* VideoJockey.swift in Sources */ = {isa = PBXBuildFile; fileRef = F094B20D24E44CBD00039BCD /* VideoJockey.swift */; };
		F094B20F24E44CBD00039BCD /* VideoJockey.swift in Sources */ = {isa = PBXBuildFile; fileRef = F094B20D24E44CBD00039BCD /* VideoJockey.swift */; };
		F094B21224E451A500039BCD /* MultiplatformTypes in Frameworks */ = {isa = PBXBuildFile; productRef = F094B21124E451A500039BCD /* MultiplatformTypes */; };
		F094B21524E451AC00039BCD /* MultiplatformTypes in Frameworks */ = {isa = PBXBuildFile; productRef = F094B21424E451AC00039BCD /* MultiplatformTypes */; };
		F094B21724E4563300039BCD /* CircleView.swift in Sources */ = {isa = PBXBuildFile; fileRef = F094B21624E4563300039BCD /* CircleView.swift */; };
		F094B21824E4563300039BCD /* CircleView.swift in Sources */ = {isa = PBXBuildFile; fileRef = F094B21624E4563300039BCD /* CircleView.swift */; };
		F0A65E7D24E47B090090895D /* GridView.swift in Sources */ = {isa = PBXBuildFile; fileRef = F0A65E7C24E47B090090895D /* GridView.swift */; };
		F0AC622624E9BFD300572CE9 /* PreCompView.swift in Sources */ = {isa = PBXBuildFile; fileRef = F0AC622524E9BFD300572CE9 /* PreCompView.swift */; };
		F0AC622724E9BFD300572CE9 /* PreCompView.swift in Sources */ = {isa = PBXBuildFile; fileRef = F0AC622524E9BFD300572CE9 /* PreCompView.swift */; };
		F0C9369D24E9CBD2002B9742 /* CompSettingsView.swift in Sources */ = {isa = PBXBuildFile; fileRef = F0C9369C24E9CBD2002B9742 /* CompSettingsView.swift */; };
		F0C9369E24E9CBD2002B9742 /* CompSettingsView.swift in Sources */ = {isa = PBXBuildFile; fileRef = F0C9369C24E9CBD2002B9742 /* CompSettingsView.swift */; };
		F0F9F08624EC6BE800DDCA14 /* StatusView.swift in Sources */ = {isa = PBXBuildFile; fileRef = F0F9F08524EC6BE800DDCA14 /* StatusView.swift */; };
		F0F9F08724EC6BE800DDCA14 /* StatusView.swift in Sources */ = {isa = PBXBuildFile; fileRef = F0F9F08524EC6BE800DDCA14 /* StatusView.swift */; };
		F0F9F08A24EC6FBD00DDCA14 /* SliceRamp.swift in Sources */ = {isa = PBXBuildFile; fileRef = F0F9F08924EC6FBD00DDCA14 /* SliceRamp.swift */; };
		F0F9F08B24EC6FBD00DDCA14 /* SliceRamp.swift in Sources */ = {isa = PBXBuildFile; fileRef = F0F9F08924EC6FBD00DDCA14 /* SliceRamp.swift */; };
		F0F9F08D24EC725000DDCA14 /* Pad.swift in Sources */ = {isa = PBXBuildFile; fileRef = F0F9F08C24EC725000DDCA14 /* Pad.swift */; };
		F0F9F08E24EC725000DDCA14 /* Pad.swift in Sources */ = {isa = PBXBuildFile; fileRef = F0F9F08C24EC725000DDCA14 /* Pad.swift */; };
/* End PBXBuildFile section */

/* Begin PBXFileReference section */
		F020523C24F000F8000FFE80 /* FinalView.swift */ = {isa = PBXFileReference; lastKnownFileType = sourcecode.swift; path = FinalView.swift; sourceTree = "<group>"; };
		F04671A624E95F4000C6921D /* HexGridView.swift */ = {isa = PBXFileReference; fileEncoding = 4; lastKnownFileType = sourcecode.swift; path = HexGridView.swift; sourceTree = "<group>"; };
		F04671A924E9606E00C6921D /* PolyView.swift */ = {isa = PBXFileReference; lastKnownFileType = sourcecode.swift; path = PolyView.swift; sourceTree = "<group>"; };
		F04671AC24E9B1E700C6921D /* SettingsView.swift */ = {isa = PBXFileReference; lastKnownFileType = sourcecode.swift; path = SettingsView.swift; sourceTree = "<group>"; };
		F04671AF24E9B23C00C6921D /* OutputView.swift */ = {isa = PBXFileReference; lastKnownFileType = sourcecode.swift; path = OutputView.swift; sourceTree = "<group>"; };
		F04671B224E9B27400C6921D /* InputView.swift */ = {isa = PBXFileReference; lastKnownFileType = sourcecode.swift; path = InputView.swift; sourceTree = "<group>"; };
		F04671B524E9B89900C6921D /* Comp.swift */ = {isa = PBXFileReference; lastKnownFileType = sourcecode.swift; path = Comp.swift; sourceTree = "<group>"; };
		F04671BA24E9B93100C6921D /* CompView.swift */ = {isa = PBXFileReference; lastKnownFileType = sourcecode.swift; path = CompView.swift; sourceTree = "<group>"; };
		F07B98B324EA977A00CF83A5 /* CornerSettingView.swift */ = {isa = PBXFileReference; lastKnownFileType = sourcecode.swift; path = CornerSettingView.swift; sourceTree = "<group>"; };
		F08C1D8024EC424000639315 /* OSCOut.swift */ = {isa = PBXFileReference; lastKnownFileType = sourcecode.swift; path = OSCOut.swift; sourceTree = "<group>"; };
		F08C1D8424EC466400639315 /* OSCIn.swift */ = {isa = PBXFileReference; lastKnownFileType = sourcecode.swift; path = OSCIn.swift; sourceTree = "<group>"; };
		F08C1D8724EC488000639315 /* TestPattern.swift */ = {isa = PBXFileReference; lastKnownFileType = sourcecode.swift; path = TestPattern.swift; sourceTree = "<group>"; };
		F08C1D8D24EC4ACC00639315 /* BG.swift */ = {isa = PBXFileReference; lastKnownFileType = sourcecode.swift; path = BG.swift; sourceTree = "<group>"; };
		F08C1D9124EC4BBD00639315 /* Mono.swift */ = {isa = PBXFileReference; lastKnownFileType = sourcecode.swift; path = Mono.swift; sourceTree = "<group>"; };
		F094B1EC24E44C8C00039BCD /* VJApp.swift */ = {isa = PBXFileReference; lastKnownFileType = sourcecode.swift; path = VJApp.swift; sourceTree = "<group>"; };
		F094B1ED24E44C8C00039BCD /* ContentView.swift */ = {isa = PBXFileReference; lastKnownFileType = sourcecode.swift; path = ContentView.swift; sourceTree = "<group>"; };
		F094B1EE24E44C8D00039BCD /* Assets.xcassets */ = {isa = PBXFileReference; lastKnownFileType = folder.assetcatalog; path = Assets.xcassets; sourceTree = "<group>"; };
		F094B1F324E44C8D00039BCD /* VJ.app */ = {isa = PBXFileReference; explicitFileType = wrapper.application; includeInIndex = 0; path = VJ.app; sourceTree = BUILT_PRODUCTS_DIR; };
		F094B1F624E44C8D00039BCD /* Info.plist */ = {isa = PBXFileReference; lastKnownFileType = text.plist.xml; path = Info.plist; sourceTree = "<group>"; };
		F094B1FB24E44C8D00039BCD /* VJ.app */ = {isa = PBXFileReference; explicitFileType = wrapper.application; includeInIndex = 0; path = VJ.app; sourceTree = BUILT_PRODUCTS_DIR; };
		F094B1FD24E44C8D00039BCD /* Info.plist */ = {isa = PBXFileReference; lastKnownFileType = text.plist.xml; path = Info.plist; sourceTree = "<group>"; };
		F094B1FE24E44C8D00039BCD /* macOS.entitlements */ = {isa = PBXFileReference; lastKnownFileType = text.plist.entitlements; path = macOS.entitlements; sourceTree = "<group>"; };
		F094B20D24E44CBD00039BCD /* VideoJockey.swift */ = {isa = PBXFileReference; lastKnownFileType = sourcecode.swift; path = VideoJockey.swift; sourceTree = "<group>"; };
		F094B21624E4563300039BCD /* CircleView.swift */ = {isa = PBXFileReference; lastKnownFileType = sourcecode.swift; path = CircleView.swift; sourceTree = "<group>"; };
		F0A65E7C24E47B090090895D /* GridView.swift */ = {isa = PBXFileReference; lastKnownFileType = sourcecode.swift; path = GridView.swift; sourceTree = "<group>"; };
		F0AC622524E9BFD300572CE9 /* PreCompView.swift */ = {isa = PBXFileReference; lastKnownFileType = sourcecode.swift; path = PreCompView.swift; sourceTree = "<group>"; };
		F0C9369C24E9CBD2002B9742 /* CompSettingsView.swift */ = {isa = PBXFileReference; lastKnownFileType = sourcecode.swift; path = CompSettingsView.swift; sourceTree = "<group>"; };
		F0F9F08524EC6BE800DDCA14 /* StatusView.swift */ = {isa = PBXFileReference; fileEncoding = 4; lastKnownFileType = sourcecode.swift; path = StatusView.swift; sourceTree = "<group>"; };
		F0F9F08924EC6FBD00DDCA14 /* SliceRamp.swift */ = {isa = PBXFileReference; lastKnownFileType = sourcecode.swift; path = SliceRamp.swift; sourceTree = "<group>"; };
		F0F9F08C24EC725000DDCA14 /* Pad.swift */ = {isa = PBXFileReference; lastKnownFileType = sourcecode.swift; path = Pad.swift; sourceTree = "<group>"; };
/* End PBXFileReference section */

/* Begin PBXFrameworksBuildPhase section */
		F094B1F024E44C8D00039BCD /* Frameworks */ = {
			isa = PBXFrameworksBuildPhase;
			buildActionMask = 2147483647;
			files = (
				F04671A324E95F0400C6921D /* PolyKit in Frameworks */,
				F0381E9824E823CA00EFEC06 /* AirKit in Frameworks */,
				F094B21224E451A500039BCD /* MultiplatformTypes in Frameworks */,
				F08C1D7B24EC3B2B00639315 /* OSCKit in Frameworks */,
			);
			runOnlyForDeploymentPostprocessing = 0;
		};
		F094B1F824E44C8D00039BCD /* Frameworks */ = {
			isa = PBXFrameworksBuildPhase;
			buildActionMask = 2147483647;
			files = (
				F094B21524E451AC00039BCD /* MultiplatformTypes in Frameworks */,
				F08C1D7D24EC3B3600639315 /* OSCKit in Frameworks */,
				F04671A524E95F0800C6921D /* PolyKit in Frameworks */,
			);
			runOnlyForDeploymentPostprocessing = 0;
		};
/* End PBXFrameworksBuildPhase section */

/* Begin PBXGroup section */
		F07B98B224EA975F00CF83A5 /* Settings */ = {
			isa = PBXGroup;
			children = (
				F0C9369C24E9CBD2002B9742 /* CompSettingsView.swift */,
				F07B98B324EA977A00CF83A5 /* CornerSettingView.swift */,
			);
			path = Settings;
			sourceTree = "<group>";
		};
		F08C1D7F24EC423400639315 /* OSC */ = {
			isa = PBXGroup;
			children = (
				F08C1D8424EC466400639315 /* OSCIn.swift */,
				F08C1D8024EC424000639315 /* OSCOut.swift */,
			);
			path = OSC;
			sourceTree = "<group>";
		};
		F08C1D9024EC4BAC00639315 /* Style */ = {
			isa = PBXGroup;
			children = (
				F0F9F08C24EC725000DDCA14 /* Pad.swift */,
				F0F9F08F24EC73A700DDCA14 /* Extensions */,
			);
			path = Style;
			sourceTree = "<group>";
		};
		F08C1D9424EC4C7500639315 /* Content */ = {
			isa = PBXGroup;
			children = (
				F0F9F08824EC6FAC00DDCA14 /* Ramps */,
				F0A65E7B24E47AF70090895D /* Grids */,
				F094B21924E4568100039BCD /* Shapes */,
				F08C1D8724EC488000639315 /* TestPattern.swift */,
			);
			path = Content;
			sourceTree = "<group>";
		};
		F094B1E624E44C8B00039BCD = {
			isa = PBXGroup;
			children = (
				F094B1EB24E44C8B00039BCD /* Shared */,
				F094B1F524E44C8D00039BCD /* iOS */,
				F094B1FC24E44C8D00039BCD /* macOS */,
				F094B1F424E44C8D00039BCD /* Products */,
				F094B21324E451AC00039BCD /* Frameworks */,
			);
			sourceTree = "<group>";
		};
		F094B1EB24E44C8B00039BCD /* Shared */ = {
			isa = PBXGroup;
			children = (
				F094B1EC24E44C8C00039BCD /* VJApp.swift */,
				F094B20D24E44CBD00039BCD /* VideoJockey.swift */,
				F04671B524E9B89900C6921D /* Comp.swift */,
				F08C1D7F24EC423400639315 /* OSC */,
				F0D9894C24E875D4005C3E7B /* Views */,
				F094B1EE24E44C8D00039BCD /* Assets.xcassets */,
			);
			path = Shared;
			sourceTree = "<group>";
		};
		F094B1F424E44C8D00039BCD /* Products */ = {
			isa = PBXGroup;
			children = (
				F094B1F324E44C8D00039BCD /* VJ.app */,
				F094B1FB24E44C8D00039BCD /* VJ.app */,
			);
			name = Products;
			sourceTree = "<group>";
		};
		F094B1F524E44C8D00039BCD /* iOS */ = {
			isa = PBXGroup;
			children = (
				F094B1F624E44C8D00039BCD /* Info.plist */,
			);
			path = iOS;
			sourceTree = "<group>";
		};
		F094B1FC24E44C8D00039BCD /* macOS */ = {
			isa = PBXGroup;
			children = (
				F094B1FD24E44C8D00039BCD /* Info.plist */,
				F094B1FE24E44C8D00039BCD /* macOS.entitlements */,
			);
			path = macOS;
			sourceTree = "<group>";
		};
		F094B21324E451AC00039BCD /* Frameworks */ = {
			isa = PBXGroup;
			children = (
			);
			name = Frameworks;
			sourceTree = "<group>";
		};
		F094B21924E4568100039BCD /* Shapes */ = {
			isa = PBXGroup;
			children = (
				F094B21624E4563300039BCD /* CircleView.swift */,
				F04671A924E9606E00C6921D /* PolyView.swift */,
			);
			path = Shapes;
			sourceTree = "<group>";
		};
		F0A65E7B24E47AF70090895D /* Grids */ = {
			isa = PBXGroup;
			children = (
				F0A65E7C24E47B090090895D /* GridView.swift */,
				F04671A624E95F4000C6921D /* HexGridView.swift */,
			);
			path = Grids;
			sourceTree = "<group>";
		};
		F0AC622424E9BE8300572CE9 /* Comp */ = {
			isa = PBXGroup;
			children = (
				F04671BA24E9B93100C6921D /* CompView.swift */,
				F0AC622824E9CB7400572CE9 /* Input */,
				F0AC622924E9CB7D00572CE9 /* Output */,
			);
			path = Comp;
			sourceTree = "<group>";
		};
		F0AC622824E9CB7400572CE9 /* Input */ = {
			isa = PBXGroup;
			children = (
				F04671B224E9B27400C6921D /* InputView.swift */,
				F0AC622524E9BFD300572CE9 /* PreCompView.swift */,
				F07B98B224EA975F00CF83A5 /* Settings */,
			);
			path = Input;
			sourceTree = "<group>";
		};
		F0AC622924E9CB7D00572CE9 /* Output */ = {
			isa = PBXGroup;
			children = (
				F020523C24F000F8000FFE80 /* FinalView.swift */,
				F04671AF24E9B23C00C6921D /* OutputView.swift */,
			);
			path = Output;
			sourceTree = "<group>";
		};
		F0D9894C24E875D4005C3E7B /* Views */ = {
			isa = PBXGroup;
			children = (
				F094B1ED24E44C8C00039BCD /* ContentView.swift */,
				F0F9F08524EC6BE800DDCA14 /* StatusView.swift */,
				F04671AC24E9B1E700C6921D /* SettingsView.swift */,
				F0AC622424E9BE8300572CE9 /* Comp */,
				F08C1D9424EC4C7500639315 /* Content */,
				F08C1D9024EC4BAC00639315 /* Style */,
			);
			path = Views;
			sourceTree = "<group>";
		};
		F0F9F08824EC6FAC00DDCA14 /* Ramps */ = {
			isa = PBXGroup;
			children = (
				F0F9F08924EC6FBD00DDCA14 /* SliceRamp.swift */,
			);
			path = Ramps;
			sourceTree = "<group>";
		};
		F0F9F08F24EC73A700DDCA14 /* Extensions */ = {
			isa = PBXGroup;
			children = (
				F08C1D8D24EC4ACC00639315 /* BG.swift */,
				F08C1D9124EC4BBD00639315 /* Mono.swift */,
			);
			path = Extensions;
			sourceTree = "<group>";
		};
/* End PBXGroup section */

/* Begin PBXNativeTarget section */
		F094B1F224E44C8D00039BCD /* VJ (iOS) */ = {
			isa = PBXNativeTarget;
			buildConfigurationList = F094B20724E44C8D00039BCD /* Build configuration list for PBXNativeTarget "VJ (iOS)" */;
			buildPhases = (
				F094B1EF24E44C8D00039BCD /* Sources */,
				F094B1F024E44C8D00039BCD /* Frameworks */,
				F094B1F124E44C8D00039BCD /* Resources */,
			);
			buildRules = (
			);
			dependencies = (
			);
			name = "VJ (iOS)";
			packageProductDependencies = (
				F094B21124E451A500039BCD /* MultiplatformTypes */,
				F0381E9724E823CA00EFEC06 /* AirKit */,
				F04671A224E95F0400C6921D /* PolyKit */,
				F08C1D7A24EC3B2B00639315 /* OSCKit */,
			);
			productName = "VJ (iOS)";
			productReference = F094B1F324E44C8D00039BCD /* VJ.app */;
			productType = "com.apple.product-type.application";
		};
		F094B1FA24E44C8D00039BCD /* VJ (macOS) */ = {
			isa = PBXNativeTarget;
			buildConfigurationList = F094B20A24E44C8D00039BCD /* Build configuration list for PBXNativeTarget "VJ (macOS)" */;
			buildPhases = (
				F094B1F724E44C8D00039BCD /* Sources */,
				F094B1F824E44C8D00039BCD /* Frameworks */,
				F094B1F924E44C8D00039BCD /* Resources */,
			);
			buildRules = (
			);
			dependencies = (
			);
			name = "VJ (macOS)";
			packageProductDependencies = (
				F094B21424E451AC00039BCD /* MultiplatformTypes */,
				F04671A424E95F0800C6921D /* PolyKit */,
				F08C1D7C24EC3B3600639315 /* OSCKit */,
			);
			productName = "VJ (macOS)";
			productReference = F094B1FB24E44C8D00039BCD /* VJ.app */;
			productType = "com.apple.product-type.application";
		};
/* End PBXNativeTarget section */

/* Begin PBXProject section */
		F094B1E724E44C8B00039BCD /* Project object */ = {
			isa = PBXProject;
			attributes = {
				LastSwiftUpdateCheck = 1200;
				LastUpgradeCheck = 1200;
				TargetAttributes = {
					F094B1F224E44C8D00039BCD = {
						CreatedOnToolsVersion = 12.0;
					};
					F094B1FA24E44C8D00039BCD = {
						CreatedOnToolsVersion = 12.0;
					};
				};
			};
			buildConfigurationList = F094B1EA24E44C8B00039BCD /* Build configuration list for PBXProject "VJ" */;
			compatibilityVersion = "Xcode 9.3";
			developmentRegion = en;
			hasScannedForEncodings = 0;
			knownRegions = (
				en,
				Base,
			);
			mainGroup = F094B1E624E44C8B00039BCD;
			packageReferences = (
				F094B21024E451A500039BCD /* XCRemoteSwiftPackageReference "MultiplatformTypes" */,
				F08C1D7924EC3B2B00639315 /* XCRemoteSwiftPackageReference "OSCKit" */,
			);
			productRefGroup = F094B1F424E44C8D00039BCD /* Products */;
			projectDirPath = "";
			projectRoot = "";
			targets = (
				F094B1F224E44C8D00039BCD /* VJ (iOS) */,
				F094B1FA24E44C8D00039BCD /* VJ (macOS) */,
			);
		};
/* End PBXProject section */

/* Begin PBXResourcesBuildPhase section */
		F094B1F124E44C8D00039BCD /* Resources */ = {
			isa = PBXResourcesBuildPhase;
			buildActionMask = 2147483647;
			files = (
				F094B20324E44C8D00039BCD /* Assets.xcassets in Resources */,
			);
			runOnlyForDeploymentPostprocessing = 0;
		};
		F094B1F924E44C8D00039BCD /* Resources */ = {
			isa = PBXResourcesBuildPhase;
			buildActionMask = 2147483647;
			files = (
				F094B20424E44C8D00039BCD /* Assets.xcassets in Resources */,
			);
			runOnlyForDeploymentPostprocessing = 0;
		};
/* End PBXResourcesBuildPhase section */

/* Begin PBXSourcesBuildPhase section */
		F094B1EF24E44C8D00039BCD /* Sources */ = {
			isa = PBXSourcesBuildPhase;
			buildActionMask = 2147483647;
			files = (
				F094B21724E4563300039BCD /* CircleView.swift in Sources */,
				F0AC622624E9BFD300572CE9 /* PreCompView.swift in Sources */,
				F0F9F08A24EC6FBD00DDCA14 /* SliceRamp.swift in Sources */,
				F08C1D8824EC488000639315 /* TestPattern.swift in Sources */,
				F04671AD24E9B1E700C6921D /* SettingsView.swift in Sources */,
				F094B20124E44C8D00039BCD /* ContentView.swift in Sources */,
				F04671A724E95F4000C6921D /* HexGridView.swift in Sources */,
				F094B1FF24E44C8D00039BCD /* VJApp.swift in Sources */,
				F08C1D8E24EC4ACC00639315 /* BG.swift in Sources */,
				F04671AA24E9606E00C6921D /* PolyView.swift in Sources */,
				F04671BB24E9B93100C6921D /* CompView.swift in Sources */,
				F0A65E7D24E47B090090895D /* GridView.swift in Sources */,
				F0F9F08624EC6BE800DDCA14 /* StatusView.swift in Sources */,
				F0F9F08D24EC725000DDCA14 /* Pad.swift in Sources */,
				F08C1D8124EC424000639315 /* OSCOut.swift in Sources */,
				F020523D24F000F8000FFE80 /* FinalView.swift in Sources */,
				F08C1D9224EC4BBD00639315 /* Mono.swift in Sources */,
				F04671B324E9B27400C6921D /* InputView.swift in Sources */,
				F0C9369D24E9CBD2002B9742 /* CompSettingsView.swift in Sources */,
				F094B20E24E44CBD00039BCD /* VideoJockey.swift in Sources */,
				F04671B024E9B23C00C6921D /* OutputView.swift in Sources */,
				F04671B624E9B89900C6921D /* Comp.swift in Sources */,
				F07B98B424EA977A00CF83A5 /* CornerSettingView.swift in Sources */,
				F08C1D8524EC466400639315 /* OSCIn.swift in Sources */,
			);
			runOnlyForDeploymentPostprocessing = 0;
		};
		F094B1F724E44C8D00039BCD /* Sources */ = {
			isa = PBXSourcesBuildPhase;
			buildActionMask = 2147483647;
			files = (
				F07B98B524EA977A00CF83A5 /* CornerSettingView.swift in Sources */,
				F04671AE24E9B1E700C6921D /* SettingsView.swift in Sources */,
				F0F9F08B24EC6FBD00DDCA14 /* SliceRamp.swift in Sources */,
				F08C1D8924EC488000639315 /* TestPattern.swift in Sources */,
				F094B21824E4563300039BCD /* CircleView.swift in Sources */,
				F04671BC24E9B93100C6921D /* CompView.swift in Sources */,
				F04671A824E95F4000C6921D /* HexGridView.swift in Sources */,
				F04671B724E9B89900C6921D /* Comp.swift in Sources */,
				F08C1D8F24EC4ACC00639315 /* BG.swift in Sources */,
				F0AC622724E9BFD300572CE9 /* PreCompView.swift in Sources */,
				F0C9369E24E9CBD2002B9742 /* CompSettingsView.swift in Sources */,
				F08C1D8624EC46AD00639315 /* OSCIn.swift in Sources */,
				F0F9F08724EC6BE800DDCA14 /* StatusView.swift in Sources */,
				F0F9F08E24EC725000DDCA14 /* Pad.swift in Sources */,
				F04671AB24E9606E00C6921D /* PolyView.swift in Sources */,
				F020523E24F000F8000FFE80 /* FinalView.swift in Sources */,
				F08C1D9324EC4BBD00639315 /* Mono.swift in Sources */,
				F08C1D8224EC426600639315 /* OSCOut.swift in Sources */,
				F094B20224E44C8D00039BCD /* ContentView.swift in Sources */,
				F094B20024E44C8D00039BCD /* VJApp.swift in Sources */,
				F04671B424E9B27400C6921D /* InputView.swift in Sources */,
				F094B20F24E44CBD00039BCD /* VideoJockey.swift in Sources */,
				F0642F8024EAE2A000693C7E /* GridView.swift in Sources */,
				F04671B124E9B23C00C6921D /* OutputView.swift in Sources */,
			);
			runOnlyForDeploymentPostprocessing = 0;
		};
/* End PBXSourcesBuildPhase section */

/* Begin XCBuildConfiguration section */
		F094B20524E44C8D00039BCD /* Debug */ = {
			isa = XCBuildConfiguration;
			buildSettings = {
				ALWAYS_SEARCH_USER_PATHS = NO;
				CLANG_ANALYZER_NONNULL = YES;
				CLANG_ANALYZER_NUMBER_OBJECT_CONVERSION = YES_AGGRESSIVE;
				CLANG_CXX_LANGUAGE_STANDARD = "gnu++14";
				CLANG_CXX_LIBRARY = "libc++";
				CLANG_ENABLE_MODULES = YES;
				CLANG_ENABLE_OBJC_ARC = YES;
				CLANG_ENABLE_OBJC_WEAK = YES;
				CLANG_WARN_BLOCK_CAPTURE_AUTORELEASING = YES;
				CLANG_WARN_BOOL_CONVERSION = YES;
				CLANG_WARN_COMMA = YES;
				CLANG_WARN_CONSTANT_CONVERSION = YES;
				CLANG_WARN_DEPRECATED_OBJC_IMPLEMENTATIONS = YES;
				CLANG_WARN_DIRECT_OBJC_ISA_USAGE = YES_ERROR;
				CLANG_WARN_DOCUMENTATION_COMMENTS = YES;
				CLANG_WARN_EMPTY_BODY = YES;
				CLANG_WARN_ENUM_CONVERSION = YES;
				CLANG_WARN_INFINITE_RECURSION = YES;
				CLANG_WARN_INT_CONVERSION = YES;
				CLANG_WARN_NON_LITERAL_NULL_CONVERSION = YES;
				CLANG_WARN_OBJC_IMPLICIT_RETAIN_SELF = YES;
				CLANG_WARN_OBJC_LITERAL_CONVERSION = YES;
				CLANG_WARN_OBJC_ROOT_CLASS = YES_ERROR;
				CLANG_WARN_QUOTED_INCLUDE_IN_FRAMEWORK_HEADER = YES;
				CLANG_WARN_RANGE_LOOP_ANALYSIS = YES;
				CLANG_WARN_STRICT_PROTOTYPES = YES;
				CLANG_WARN_SUSPICIOUS_MOVE = YES;
				CLANG_WARN_UNGUARDED_AVAILABILITY = YES_AGGRESSIVE;
				CLANG_WARN_UNREACHABLE_CODE = YES;
				CLANG_WARN__DUPLICATE_METHOD_MATCH = YES;
				COPY_PHASE_STRIP = NO;
				DEBUG_INFORMATION_FORMAT = dwarf;
				ENABLE_STRICT_OBJC_MSGSEND = YES;
				ENABLE_TESTABILITY = YES;
				GCC_C_LANGUAGE_STANDARD = gnu11;
				GCC_DYNAMIC_NO_PIC = NO;
				GCC_NO_COMMON_BLOCKS = YES;
				GCC_OPTIMIZATION_LEVEL = 0;
				GCC_PREPROCESSOR_DEFINITIONS = (
					"DEBUG=1",
					"$(inherited)",
				);
				GCC_WARN_64_TO_32_BIT_CONVERSION = YES;
				GCC_WARN_ABOUT_RETURN_TYPE = YES_ERROR;
				GCC_WARN_UNDECLARED_SELECTOR = YES;
				GCC_WARN_UNINITIALIZED_AUTOS = YES_AGGRESSIVE;
				GCC_WARN_UNUSED_FUNCTION = YES;
				GCC_WARN_UNUSED_VARIABLE = YES;
				MTL_ENABLE_DEBUG_INFO = INCLUDE_SOURCE;
				MTL_FAST_MATH = YES;
				ONLY_ACTIVE_ARCH = YES;
				SWIFT_ACTIVE_COMPILATION_CONDITIONS = DEBUG;
				SWIFT_OPTIMIZATION_LEVEL = "-Onone";
			};
			name = Debug;
		};
		F094B20624E44C8D00039BCD /* Release */ = {
			isa = XCBuildConfiguration;
			buildSettings = {
				ALWAYS_SEARCH_USER_PATHS = NO;
				CLANG_ANALYZER_NONNULL = YES;
				CLANG_ANALYZER_NUMBER_OBJECT_CONVERSION = YES_AGGRESSIVE;
				CLANG_CXX_LANGUAGE_STANDARD = "gnu++14";
				CLANG_CXX_LIBRARY = "libc++";
				CLANG_ENABLE_MODULES = YES;
				CLANG_ENABLE_OBJC_ARC = YES;
				CLANG_ENABLE_OBJC_WEAK = YES;
				CLANG_WARN_BLOCK_CAPTURE_AUTORELEASING = YES;
				CLANG_WARN_BOOL_CONVERSION = YES;
				CLANG_WARN_COMMA = YES;
				CLANG_WARN_CONSTANT_CONVERSION = YES;
				CLANG_WARN_DEPRECATED_OBJC_IMPLEMENTATIONS = YES;
				CLANG_WARN_DIRECT_OBJC_ISA_USAGE = YES_ERROR;
				CLANG_WARN_DOCUMENTATION_COMMENTS = YES;
				CLANG_WARN_EMPTY_BODY = YES;
				CLANG_WARN_ENUM_CONVERSION = YES;
				CLANG_WARN_INFINITE_RECURSION = YES;
				CLANG_WARN_INT_CONVERSION = YES;
				CLANG_WARN_NON_LITERAL_NULL_CONVERSION = YES;
				CLANG_WARN_OBJC_IMPLICIT_RETAIN_SELF = YES;
				CLANG_WARN_OBJC_LITERAL_CONVERSION = YES;
				CLANG_WARN_OBJC_ROOT_CLASS = YES_ERROR;
				CLANG_WARN_QUOTED_INCLUDE_IN_FRAMEWORK_HEADER = YES;
				CLANG_WARN_RANGE_LOOP_ANALYSIS = YES;
				CLANG_WARN_STRICT_PROTOTYPES = YES;
				CLANG_WARN_SUSPICIOUS_MOVE = YES;
				CLANG_WARN_UNGUARDED_AVAILABILITY = YES_AGGRESSIVE;
				CLANG_WARN_UNREACHABLE_CODE = YES;
				CLANG_WARN__DUPLICATE_METHOD_MATCH = YES;
				COPY_PHASE_STRIP = NO;
				DEBUG_INFORMATION_FORMAT = "dwarf-with-dsym";
				ENABLE_NS_ASSERTIONS = NO;
				ENABLE_STRICT_OBJC_MSGSEND = YES;
				GCC_C_LANGUAGE_STANDARD = gnu11;
				GCC_NO_COMMON_BLOCKS = YES;
				GCC_WARN_64_TO_32_BIT_CONVERSION = YES;
				GCC_WARN_ABOUT_RETURN_TYPE = YES_ERROR;
				GCC_WARN_UNDECLARED_SELECTOR = YES;
				GCC_WARN_UNINITIALIZED_AUTOS = YES_AGGRESSIVE;
				GCC_WARN_UNUSED_FUNCTION = YES;
				GCC_WARN_UNUSED_VARIABLE = YES;
				MTL_ENABLE_DEBUG_INFO = NO;
				MTL_FAST_MATH = YES;
				SWIFT_COMPILATION_MODE = wholemodule;
				SWIFT_OPTIMIZATION_LEVEL = "-O";
			};
			name = Release;
		};
		F094B20824E44C8D00039BCD /* Debug */ = {
			isa = XCBuildConfiguration;
			buildSettings = {
				ASSETCATALOG_COMPILER_APPICON_NAME = AppIcon;
				ASSETCATALOG_COMPILER_GLOBAL_ACCENT_COLOR_NAME = AccentColor;
				CODE_SIGN_STYLE = Automatic;
				DEVELOPMENT_TEAM = 2QHTY6FMW2;
				ENABLE_PREVIEWS = YES;
				INFOPLIST_FILE = iOS/Info.plist;
				IPHONEOS_DEPLOYMENT_TARGET = 14.0;
				LD_RUNPATH_SEARCH_PATHS = (
					"$(inherited)",
					"@executable_path/Frameworks",
				);
				PRODUCT_BUNDLE_IDENTIFIER = net.hexagons.VJ;
				PRODUCT_NAME = VJ;
				SDKROOT = iphoneos;
				SWIFT_VERSION = 5.0;
				TARGETED_DEVICE_FAMILY = 2;
			};
			name = Debug;
		};
		F094B20924E44C8D00039BCD /* Release */ = {
			isa = XCBuildConfiguration;
			buildSettings = {
				ASSETCATALOG_COMPILER_APPICON_NAME = AppIcon;
				ASSETCATALOG_COMPILER_GLOBAL_ACCENT_COLOR_NAME = AccentColor;
				CODE_SIGN_STYLE = Automatic;
				DEVELOPMENT_TEAM = 2QHTY6FMW2;
				ENABLE_PREVIEWS = YES;
				INFOPLIST_FILE = iOS/Info.plist;
				IPHONEOS_DEPLOYMENT_TARGET = 14.0;
				LD_RUNPATH_SEARCH_PATHS = (
					"$(inherited)",
					"@executable_path/Frameworks",
				);
				PRODUCT_BUNDLE_IDENTIFIER = net.hexagons.VJ;
				PRODUCT_NAME = VJ;
				SDKROOT = iphoneos;
				SWIFT_VERSION = 5.0;
				TARGETED_DEVICE_FAMILY = 2;
				VALIDATE_PRODUCT = YES;
			};
			name = Release;
		};
		F094B20B24E44C8D00039BCD /* Debug */ = {
			isa = XCBuildConfiguration;
			buildSettings = {
				ASSETCATALOG_COMPILER_APPICON_NAME = AppIcon;
				ASSETCATALOG_COMPILER_GLOBAL_ACCENT_COLOR_NAME = AccentColor;
				CODE_SIGN_ENTITLEMENTS = macOS/macOS.entitlements;
				CODE_SIGN_STYLE = Automatic;
				COMBINE_HIDPI_IMAGES = YES;
				DEVELOPMENT_TEAM = 2QHTY6FMW2;
				ENABLE_HARDENED_RUNTIME = YES;
				ENABLE_PREVIEWS = YES;
				INFOPLIST_FILE = macOS/Info.plist;
				LD_RUNPATH_SEARCH_PATHS = (
					"$(inherited)",
					"@executable_path/../Frameworks",
				);
				MACOSX_DEPLOYMENT_TARGET = 11.0;
				PRODUCT_BUNDLE_IDENTIFIER = net.hexagons.VJ;
				PRODUCT_NAME = VJ;
				SDKROOT = macosx;
				SWIFT_VERSION = 5.0;
			};
			name = Debug;
		};
		F094B20C24E44C8D00039BCD /* Release */ = {
			isa = XCBuildConfiguration;
			buildSettings = {
				ASSETCATALOG_COMPILER_APPICON_NAME = AppIcon;
				ASSETCATALOG_COMPILER_GLOBAL_ACCENT_COLOR_NAME = AccentColor;
				CODE_SIGN_ENTITLEMENTS = macOS/macOS.entitlements;
				CODE_SIGN_STYLE = Automatic;
				COMBINE_HIDPI_IMAGES = YES;
				DEVELOPMENT_TEAM = 2QHTY6FMW2;
				ENABLE_HARDENED_RUNTIME = YES;
				ENABLE_PREVIEWS = YES;
				INFOPLIST_FILE = macOS/Info.plist;
				LD_RUNPATH_SEARCH_PATHS = (
					"$(inherited)",
					"@executable_path/../Frameworks",
				);
				MACOSX_DEPLOYMENT_TARGET = 11.0;
				PRODUCT_BUNDLE_IDENTIFIER = net.hexagons.VJ;
				PRODUCT_NAME = VJ;
				SDKROOT = macosx;
				SWIFT_VERSION = 5.0;
			};
			name = Release;
		};
/* End XCBuildConfiguration section */

/* Begin XCConfigurationList section */
		F094B1EA24E44C8B00039BCD /* Build configuration list for PBXProject "VJ" */ = {
			isa = XCConfigurationList;
			buildConfigurations = (
				F094B20524E44C8D00039BCD /* Debug */,
				F094B20624E44C8D00039BCD /* Release */,
			);
			defaultConfigurationIsVisible = 0;
			defaultConfigurationName = Release;
		};
		F094B20724E44C8D00039BCD /* Build configuration list for PBXNativeTarget "VJ (iOS)" */ = {
			isa = XCConfigurationList;
			buildConfigurations = (
				F094B20824E44C8D00039BCD /* Debug */,
				F094B20924E44C8D00039BCD /* Release */,
			);
			defaultConfigurationIsVisible = 0;
			defaultConfigurationName = Release;
		};
		F094B20A24E44C8D00039BCD /* Build configuration list for PBXNativeTarget "VJ (macOS)" */ = {
			isa = XCConfigurationList;
			buildConfigurations = (
				F094B20B24E44C8D00039BCD /* Debug */,
				F094B20C24E44C8D00039BCD /* Release */,
			);
			defaultConfigurationIsVisible = 0;
			defaultConfigurationName = Release;
		};
/* End XCConfigurationList section */

/* Begin XCRemoteSwiftPackageReference section */
		F08C1D7924EC3B2B00639315 /* XCRemoteSwiftPackageReference "OSCKit" */ = {
			isa = XCRemoteSwiftPackageReference;
			repositoryURL = "https://github.com/sammysmallman/OSCKit.git";
			requirement = {
				kind = upToNextMajorVersion;
				minimumVersion = 2.0.1;
			};
		};
		F094B21024E451A500039BCD /* XCRemoteSwiftPackageReference "MultiplatformTypes" */ = {
			isa = XCRemoteSwiftPackageReference;
			repositoryURL = "https://github.com/hexagons/MultiplatformTypes.git";
			requirement = {
				kind = upToNextMajorVersion;
				minimumVersion = 0.1.9;
			};
		};
/* End XCRemoteSwiftPackageReference section */

/* Begin XCSwiftPackageProductDependency section */
		F0381E9724E823CA00EFEC06 /* AirKit */ = {
			isa = XCSwiftPackageProductDependency;
			productName = AirKit;
		};
		F04671A224E95F0400C6921D /* PolyKit */ = {
			isa = XCSwiftPackageProductDependency;
			productName = PolyKit;
		};
		F04671A424E95F0800C6921D /* PolyKit */ = {
			isa = XCSwiftPackageProductDependency;
			productName = PolyKit;
		};
		F08C1D7A24EC3B2B00639315 /* OSCKit */ = {
			isa = XCSwiftPackageProductDependency;
			package = F08C1D7924EC3B2B00639315 /* XCRemoteSwiftPackageReference "OSCKit" */;
			productName = OSCKit;
		};
		F08C1D7C24EC3B3600639315 /* OSCKit */ = {
			isa = XCSwiftPackageProductDependency;
			package = F08C1D7924EC3B2B00639315 /* XCRemoteSwiftPackageReference "OSCKit" */;
			productName = OSCKit;
		};
		F094B21124E451A500039BCD /* MultiplatformTypes */ = {
			isa = XCSwiftPackageProductDependency;
			package = F094B21024E451A500039BCD /* XCRemoteSwiftPackageReference "MultiplatformTypes" */;
			productName = MultiplatformTypes;
		};
		F094B21424E451AC00039BCD /* MultiplatformTypes */ = {
			isa = XCSwiftPackageProductDependency;
			package = F094B21024E451A500039BCD /* XCRemoteSwiftPackageReference "MultiplatformTypes" */;
			productName = MultiplatformTypes;
		};
/* End XCSwiftPackageProductDependency section */
	};
	rootObject = F094B1E724E44C8B00039BCD /* Project object */;
}
