// !$*UTF8*$!
{
	archiveVersion = 1;
	classes = {
	};
	objectVersion = 52;
	objects = {

/* Begin PBXBuildFile section */
		E5A6834325CEF0F5000A4EBD /* Trails in Frameworks */ = {isa = PBXBuildFile; productRef = E5A6834225CEF0F5000A4EBD /* Trails */; };
		E5A6834625CEF105000A4EBD /* MultiViews in Frameworks */ = {isa = PBXBuildFile; productRef = E5A6834525CEF105000A4EBD /* MultiViews */; };
		E5A6834925CEF110000A4EBD /* PolyKit in Frameworks */ = {isa = PBXBuildFile; productRef = E5A6834825CEF110000A4EBD /* PolyKit */; };
		E5A6834C25CEF11C000A4EBD /* AirKit in Frameworks */ = {isa = PBXBuildFile; productRef = E5A6834B25CEF11C000A4EBD /* AirKit */; };
		E5A6834E25CEF125000A4EBD /* Trails in Frameworks */ = {isa = PBXBuildFile; productRef = E5A6834D25CEF125000A4EBD /* Trails */; };
		E5A6835025CEF127000A4EBD /* MultiViews in Frameworks */ = {isa = PBXBuildFile; productRef = E5A6834F25CEF127000A4EBD /* MultiViews */; };
		E5A6835225CEF12A000A4EBD /* PolyKit in Frameworks */ = {isa = PBXBuildFile; productRef = E5A6835125CEF12A000A4EBD /* PolyKit */; };
		E5A6835525CEF167000A4EBD /* OSCKit in Frameworks */ = {isa = PBXBuildFile; productRef = E5A6835425CEF167000A4EBD /* OSCKit */; };
		F00CEC7424FE748C00C4C4DE /* OSC.swift in Sources */ = {isa = PBXBuildFile; fileRef = F00CEC7324FE748C00C4C4DE /* OSC.swift */; };
		F00CEC7524FE748C00C4C4DE /* OSC.swift in Sources */ = {isa = PBXBuildFile; fileRef = F00CEC7324FE748C00C4C4DE /* OSC.swift */; };
		F00CEC7724FE74BD00C4C4DE /* Settings.swift in Sources */ = {isa = PBXBuildFile; fileRef = F00CEC7624FE74BD00C4C4DE /* Settings.swift */; };
		F00CEC7824FE74BD00C4C4DE /* Settings.swift in Sources */ = {isa = PBXBuildFile; fileRef = F00CEC7624FE74BD00C4C4DE /* Settings.swift */; };
		F00CEC7A24FE752300C4C4DE /* Connection.swift in Sources */ = {isa = PBXBuildFile; fileRef = F00CEC7924FE752300C4C4DE /* Connection.swift */; };
		F00CEC7B24FE752300C4C4DE /* Connection.swift in Sources */ = {isa = PBXBuildFile; fileRef = F00CEC7924FE752300C4C4DE /* Connection.swift */; };
		F00CEC7D24FE755400C4C4DE /* Reachability.swift in Sources */ = {isa = PBXBuildFile; fileRef = F00CEC7C24FE755400C4C4DE /* Reachability.swift */; };
		F00CEC7E24FE755400C4C4DE /* Reachability.swift in Sources */ = {isa = PBXBuildFile; fileRef = F00CEC7C24FE755400C4C4DE /* Reachability.swift */; };
		F020523D24F000F8000FFE80 /* FinalView.swift in Sources */ = {isa = PBXBuildFile; fileRef = F020523C24F000F8000FFE80 /* FinalView.swift */; };
		F020523E24F000F8000FFE80 /* FinalView.swift in Sources */ = {isa = PBXBuildFile; fileRef = F020523C24F000F8000FFE80 /* FinalView.swift */; };
		F027F4EB24FE76FE00822F94 /* OSCInfoView.swift in Sources */ = {isa = PBXBuildFile; fileRef = F027F4EA24FE76FE00822F94 /* OSCInfoView.swift */; };
		F027F4EC24FE76FE00822F94 /* OSCInfoView.swift in Sources */ = {isa = PBXBuildFile; fileRef = F027F4EA24FE76FE00822F94 /* OSCInfoView.swift */; };
		F027F4EF24FE798100822F94 /* OSCSettingsView.swift in Sources */ = {isa = PBXBuildFile; fileRef = F027F4EE24FE798100822F94 /* OSCSettingsView.swift */; };
		F027F4F024FE798100822F94 /* OSCSettingsView.swift in Sources */ = {isa = PBXBuildFile; fileRef = F027F4EE24FE798100822F94 /* OSCSettingsView.swift */; };
		F027F4F224FE7C0B00822F94 /* OSCSettingsPopupView.swift in Sources */ = {isa = PBXBuildFile; fileRef = F027F4F124FE7C0B00822F94 /* OSCSettingsPopupView.swift */; };
		F027F4F324FE7C0B00822F94 /* OSCSettingsPopupView.swift in Sources */ = {isa = PBXBuildFile; fileRef = F027F4F124FE7C0B00822F94 /* OSCSettingsPopupView.swift */; };
		F0349CF024FA6E3F00406864 /* HexView.swift in Sources */ = {isa = PBXBuildFile; fileRef = F0349CEF24FA6E3F00406864 /* HexView.swift */; };
		F0349CF124FA6E3F00406864 /* HexView.swift in Sources */ = {isa = PBXBuildFile; fileRef = F0349CEF24FA6E3F00406864 /* HexView.swift */; };
		F0381E9824E823CA00EFEC06 /* AirKit in Frameworks */ = {isa = PBXBuildFile; productRef = F0381E9724E823CA00EFEC06 /* AirKit */; };
		F04671A324E95F0400C6921D /* PolyKit in Frameworks */ = {isa = PBXBuildFile; productRef = F04671A224E95F0400C6921D /* PolyKit */; };
		F04671A724E95F4000C6921D /* HexGridView.swift in Sources */ = {isa = PBXBuildFile; fileRef = F04671A624E95F4000C6921D /* HexGridView.swift */; };
		F04671A824E95F4000C6921D /* HexGridView.swift in Sources */ = {isa = PBXBuildFile; fileRef = F04671A624E95F4000C6921D /* HexGridView.swift */; };
		F04671AA24E9606E00C6921D /* PolyView.swift in Sources */ = {isa = PBXBuildFile; fileRef = F04671A924E9606E00C6921D /* PolyView.swift */; };
		F04671AB24E9606E00C6921D /* PolyView.swift in Sources */ = {isa = PBXBuildFile; fileRef = F04671A924E9606E00C6921D /* PolyView.swift */; };
		F04671AD24E9B1E700C6921D /* SettingsView.swift in Sources */ = {isa = PBXBuildFile; fileRef = F04671AC24E9B1E700C6921D /* SettingsView.swift */; };
		F04671AE24E9B1E700C6921D /* SettingsView.swift in Sources */ = {isa = PBXBuildFile; fileRef = F04671AC24E9B1E700C6921D /* SettingsView.swift */; };
		F04671B024E9B23C00C6921D /* OutputView.swift in Sources */ = {isa = PBXBuildFile; fileRef = F04671AF24E9B23C00C6921D /* OutputView.swift */; };
		F04671B124E9B23C00C6921D /* OutputView.swift in Sources */ = {isa = PBXBuildFile; fileRef = F04671AF24E9B23C00C6921D /* OutputView.swift */; };
		F04671B324E9B27400C6921D /* InputView.swift in Sources */ = {isa = PBXBuildFile; fileRef = F04671B224E9B27400C6921D /* InputView.swift */; };
		F04671B424E9B27400C6921D /* InputView.swift in Sources */ = {isa = PBXBuildFile; fileRef = F04671B224E9B27400C6921D /* InputView.swift */; };
		F04671B624E9B89900C6921D /* Comp.swift in Sources */ = {isa = PBXBuildFile; fileRef = F04671B524E9B89900C6921D /* Comp.swift */; };
		F04671B724E9B89900C6921D /* Comp.swift in Sources */ = {isa = PBXBuildFile; fileRef = F04671B524E9B89900C6921D /* Comp.swift */; };
		F04671BB24E9B93100C6921D /* CompView.swift in Sources */ = {isa = PBXBuildFile; fileRef = F04671BA24E9B93100C6921D /* CompView.swift */; };
		F04671BC24E9B93100C6921D /* CompView.swift in Sources */ = {isa = PBXBuildFile; fileRef = F04671BA24E9B93100C6921D /* CompView.swift */; };
		F0642F8024EAE2A000693C7E /* GridView.swift in Sources */ = {isa = PBXBuildFile; fileRef = F0A65E7C24E47B090090895D /* GridView.swift */; };
		F07B98B424EA977A00CF83A5 /* CornerSettingView.swift in Sources */ = {isa = PBXBuildFile; fileRef = F07B98B324EA977A00CF83A5 /* CornerSettingView.swift */; };
		F07B98B524EA977A00CF83A5 /* CornerSettingView.swift in Sources */ = {isa = PBXBuildFile; fileRef = F07B98B324EA977A00CF83A5 /* CornerSettingView.swift */; };
		F08C1D8824EC488000639315 /* TestPattern.swift in Sources */ = {isa = PBXBuildFile; fileRef = F08C1D8724EC488000639315 /* TestPattern.swift */; };
		F08C1D8924EC488000639315 /* TestPattern.swift in Sources */ = {isa = PBXBuildFile; fileRef = F08C1D8724EC488000639315 /* TestPattern.swift */; };
		F08C1D8E24EC4ACC00639315 /* BG.swift in Sources */ = {isa = PBXBuildFile; fileRef = F08C1D8D24EC4ACC00639315 /* BG.swift */; };
		F08C1D8F24EC4ACC00639315 /* BG.swift in Sources */ = {isa = PBXBuildFile; fileRef = F08C1D8D24EC4ACC00639315 /* BG.swift */; };
		F08C1D9224EC4BBD00639315 /* Mono.swift in Sources */ = {isa = PBXBuildFile; fileRef = F08C1D9124EC4BBD00639315 /* Mono.swift */; };
		F08C1D9324EC4BBD00639315 /* Mono.swift in Sources */ = {isa = PBXBuildFile; fileRef = F08C1D9124EC4BBD00639315 /* Mono.swift */; };
		F094B1FF24E44C8D00039BCD /* VJApp.swift in Sources */ = {isa = PBXBuildFile; fileRef = F094B1EC24E44C8C00039BCD /* VJApp.swift */; };
		F094B20024E44C8D00039BCD /* VJApp.swift in Sources */ = {isa = PBXBuildFile; fileRef = F094B1EC24E44C8C00039BCD /* VJApp.swift */; };
		F094B20124E44C8D00039BCD /* ContentView.swift in Sources */ = {isa = PBXBuildFile; fileRef = F094B1ED24E44C8C00039BCD /* ContentView.swift */; };
		F094B20224E44C8D00039BCD /* ContentView.swift in Sources */ = {isa = PBXBuildFile; fileRef = F094B1ED24E44C8C00039BCD /* ContentView.swift */; };
		F094B20324E44C8D00039BCD /* Assets.xcassets in Resources */ = {isa = PBXBuildFile; fileRef = F094B1EE24E44C8D00039BCD /* Assets.xcassets */; };
		F094B20424E44C8D00039BCD /* Assets.xcassets in Resources */ = {isa = PBXBuildFile; fileRef = F094B1EE24E44C8D00039BCD /* Assets.xcassets */; };
		F094B20E24E44CBD00039BCD /* VideoJockey.swift in Sources */ = {isa = PBXBuildFile; fileRef = F094B20D24E44CBD00039BCD /* VideoJockey.swift */; };
		F094B20F24E44CBD00039BCD /* VideoJockey.swift in Sources */ = {isa = PBXBuildFile; fileRef = F094B20D24E44CBD00039BCD /* VideoJockey.swift */; };
		F094B21724E4563300039BCD /* CircleView.swift in Sources */ = {isa = PBXBuildFile; fileRef = F094B21624E4563300039BCD /* CircleView.swift */; };
		F094B21824E4563300039BCD /* CircleView.swift in Sources */ = {isa = PBXBuildFile; fileRef = F094B21624E4563300039BCD /* CircleView.swift */; };
		F0A65E7D24E47B090090895D /* GridView.swift in Sources */ = {isa = PBXBuildFile; fileRef = F0A65E7C24E47B090090895D /* GridView.swift */; };
		F0AC622624E9BFD300572CE9 /* PreCompView.swift in Sources */ = {isa = PBXBuildFile; fileRef = F0AC622524E9BFD300572CE9 /* PreCompView.swift */; };
		F0AC622724E9BFD300572CE9 /* PreCompView.swift in Sources */ = {isa = PBXBuildFile; fileRef = F0AC622524E9BFD300572CE9 /* PreCompView.swift */; };
		F0C9369D24E9CBD2002B9742 /* CompSettingsView.swift in Sources */ = {isa = PBXBuildFile; fileRef = F0C9369C24E9CBD2002B9742 /* CompSettingsView.swift */; };
		F0C9369E24E9CBD2002B9742 /* CompSettingsView.swift in Sources */ = {isa = PBXBuildFile; fileRef = F0C9369C24E9CBD2002B9742 /* CompSettingsView.swift */; };
		F0F9E3BE2500100F00F44B39 /* TagView.swift in Sources */ = {isa = PBXBuildFile; fileRef = F0F9E3BD2500100F00F44B39 /* TagView.swift */; };
		F0F9E3BF2500100F00F44B39 /* TagView.swift in Sources */ = {isa = PBXBuildFile; fileRef = F0F9E3BD2500100F00F44B39 /* TagView.swift */; };
		F0F9F08624EC6BE800DDCA14 /* StatusView.swift in Sources */ = {isa = PBXBuildFile; fileRef = F0F9F08524EC6BE800DDCA14 /* StatusView.swift */; };
		F0F9F08724EC6BE800DDCA14 /* StatusView.swift in Sources */ = {isa = PBXBuildFile; fileRef = F0F9F08524EC6BE800DDCA14 /* StatusView.swift */; };
		F0F9F08A24EC6FBD00DDCA14 /* SliceRamp.swift in Sources */ = {isa = PBXBuildFile; fileRef = F0F9F08924EC6FBD00DDCA14 /* SliceRamp.swift */; };
		F0F9F08B24EC6FBD00DDCA14 /* SliceRamp.swift in Sources */ = {isa = PBXBuildFile; fileRef = F0F9F08924EC6FBD00DDCA14 /* SliceRamp.swift */; };
		F0F9F08D24EC725000DDCA14 /* Pad.swift in Sources */ = {isa = PBXBuildFile; fileRef = F0F9F08C24EC725000DDCA14 /* Pad.swift */; };
		F0F9F08E24EC725000DDCA14 /* Pad.swift in Sources */ = {isa = PBXBuildFile; fileRef = F0F9F08C24EC725000DDCA14 /* Pad.swift */; };
/* End PBXBuildFile section */

/* Begin PBXFileReference section */
		822D8A2013955A4CA42A879B /* Pods_VJ__macOS_.framework */ = {isa = PBXFileReference; explicitFileType = wrapper.framework; includeInIndex = 0; path = Pods_VJ__macOS_.framework; sourceTree = BUILT_PRODUCTS_DIR; };
		B5C383ED13CF3C52B4E0724E /* Pods_VJ__iOS_.framework */ = {isa = PBXFileReference; explicitFileType = wrapper.framework; includeInIndex = 0; path = Pods_VJ__iOS_.framework; sourceTree = BUILT_PRODUCTS_DIR; };
		F00CEC7324FE748C00C4C4DE /* OSC.swift */ = {isa = PBXFileReference; fileEncoding = 4; lastKnownFileType = sourcecode.swift; path = OSC.swift; sourceTree = "<group>"; };
		F00CEC7624FE74BD00C4C4DE /* Settings.swift */ = {isa = PBXFileReference; fileEncoding = 4; lastKnownFileType = sourcecode.swift; path = Settings.swift; sourceTree = "<group>"; };
		F00CEC7924FE752300C4C4DE /* Connection.swift */ = {isa = PBXFileReference; fileEncoding = 4; lastKnownFileType = sourcecode.swift; path = Connection.swift; sourceTree = "<group>"; };
		F00CEC7C24FE755400C4C4DE /* Reachability.swift */ = {isa = PBXFileReference; fileEncoding = 4; lastKnownFileType = sourcecode.swift; path = Reachability.swift; sourceTree = "<group>"; };
		F020523C24F000F8000FFE80 /* FinalView.swift */ = {isa = PBXFileReference; lastKnownFileType = sourcecode.swift; path = FinalView.swift; sourceTree = "<group>"; };
		F027F4EA24FE76FE00822F94 /* OSCInfoView.swift */ = {isa = PBXFileReference; fileEncoding = 4; lastKnownFileType = sourcecode.swift; path = OSCInfoView.swift; sourceTree = "<group>"; };
		F027F4EE24FE798100822F94 /* OSCSettingsView.swift */ = {isa = PBXFileReference; lastKnownFileType = sourcecode.swift; path = OSCSettingsView.swift; sourceTree = "<group>"; };
		F027F4F124FE7C0B00822F94 /* OSCSettingsPopupView.swift */ = {isa = PBXFileReference; fileEncoding = 4; lastKnownFileType = sourcecode.swift; path = OSCSettingsPopupView.swift; sourceTree = "<group>"; };
		F0349CEF24FA6E3F00406864 /* HexView.swift */ = {isa = PBXFileReference; lastKnownFileType = sourcecode.swift; path = HexView.swift; sourceTree = "<group>"; };
		F04671A624E95F4000C6921D /* HexGridView.swift */ = {isa = PBXFileReference; fileEncoding = 4; lastKnownFileType = sourcecode.swift; path = HexGridView.swift; sourceTree = "<group>"; };
		F04671A924E9606E00C6921D /* PolyView.swift */ = {isa = PBXFileReference; lastKnownFileType = sourcecode.swift; path = PolyView.swift; sourceTree = "<group>"; };
		F04671AC24E9B1E700C6921D /* SettingsView.swift */ = {isa = PBXFileReference; lastKnownFileType = sourcecode.swift; path = SettingsView.swift; sourceTree = "<group>"; };
		F04671AF24E9B23C00C6921D /* OutputView.swift */ = {isa = PBXFileReference; lastKnownFileType = sourcecode.swift; path = OutputView.swift; sourceTree = "<group>"; };
		F04671B224E9B27400C6921D /* InputView.swift */ = {isa = PBXFileReference; lastKnownFileType = sourcecode.swift; path = InputView.swift; sourceTree = "<group>"; };
		F04671B524E9B89900C6921D /* Comp.swift */ = {isa = PBXFileReference; lastKnownFileType = sourcecode.swift; path = Comp.swift; sourceTree = "<group>"; };
		F04671BA24E9B93100C6921D /* CompView.swift */ = {isa = PBXFileReference; lastKnownFileType = sourcecode.swift; path = CompView.swift; sourceTree = "<group>"; };
		F07B98B324EA977A00CF83A5 /* CornerSettingView.swift */ = {isa = PBXFileReference; lastKnownFileType = sourcecode.swift; path = CornerSettingView.swift; sourceTree = "<group>"; };
		F08C1D8724EC488000639315 /* TestPattern.swift */ = {isa = PBXFileReference; lastKnownFileType = sourcecode.swift; path = TestPattern.swift; sourceTree = "<group>"; };
		F08C1D8D24EC4ACC00639315 /* BG.swift */ = {isa = PBXFileReference; lastKnownFileType = sourcecode.swift; path = BG.swift; sourceTree = "<group>"; };
		F08C1D9124EC4BBD00639315 /* Mono.swift */ = {isa = PBXFileReference; lastKnownFileType = sourcecode.swift; path = Mono.swift; sourceTree = "<group>"; };
		F094B1EC24E44C8C00039BCD /* VJApp.swift */ = {isa = PBXFileReference; lastKnownFileType = sourcecode.swift; path = VJApp.swift; sourceTree = "<group>"; };
		F094B1ED24E44C8C00039BCD /* ContentView.swift */ = {isa = PBXFileReference; lastKnownFileType = sourcecode.swift; path = ContentView.swift; sourceTree = "<group>"; };
		F094B1EE24E44C8D00039BCD /* Assets.xcassets */ = {isa = PBXFileReference; lastKnownFileType = folder.assetcatalog; path = Assets.xcassets; sourceTree = "<group>"; };
		F094B1F324E44C8D00039BCD /* VJ.app */ = {isa = PBXFileReference; explicitFileType = wrapper.application; includeInIndex = 0; path = VJ.app; sourceTree = BUILT_PRODUCTS_DIR; };
		F094B1F624E44C8D00039BCD /* Info.plist */ = {isa = PBXFileReference; lastKnownFileType = text.plist.xml; path = Info.plist; sourceTree = "<group>"; };
		F094B1FB24E44C8D00039BCD /* VJ.app */ = {isa = PBXFileReference; explicitFileType = wrapper.application; includeInIndex = 0; path = VJ.app; sourceTree = BUILT_PRODUCTS_DIR; };
		F094B1FD24E44C8D00039BCD /* Info.plist */ = {isa = PBXFileReference; lastKnownFileType = text.plist.xml; path = Info.plist; sourceTree = "<group>"; };
		F094B1FE24E44C8D00039BCD /* macOS.entitlements */ = {isa = PBXFileReference; lastKnownFileType = text.plist.entitlements; path = macOS.entitlements; sourceTree = "<group>"; };
		F094B20D24E44CBD00039BCD /* VideoJockey.swift */ = {isa = PBXFileReference; lastKnownFileType = sourcecode.swift; path = VideoJockey.swift; sourceTree = "<group>"; };
		F094B21624E4563300039BCD /* CircleView.swift */ = {isa = PBXFileReference; lastKnownFileType = sourcecode.swift; path = CircleView.swift; sourceTree = "<group>"; };
		F0A65E7C24E47B090090895D /* GridView.swift */ = {isa = PBXFileReference; lastKnownFileType = sourcecode.swift; path = GridView.swift; sourceTree = "<group>"; };
		F0AC622524E9BFD300572CE9 /* PreCompView.swift */ = {isa = PBXFileReference; lastKnownFileType = sourcecode.swift; path = PreCompView.swift; sourceTree = "<group>"; };
		F0C9369C24E9CBD2002B9742 /* CompSettingsView.swift */ = {isa = PBXFileReference; lastKnownFileType = sourcecode.swift; path = CompSettingsView.swift; sourceTree = "<group>"; };
		F0F9E3BD2500100F00F44B39 /* TagView.swift */ = {isa = PBXFileReference; lastKnownFileType = sourcecode.swift; path = TagView.swift; sourceTree = "<group>"; };
		F0F9F08524EC6BE800DDCA14 /* StatusView.swift */ = {isa = PBXFileReference; fileEncoding = 4; lastKnownFileType = sourcecode.swift; path = StatusView.swift; sourceTree = "<group>"; };
		F0F9F08924EC6FBD00DDCA14 /* SliceRamp.swift */ = {isa = PBXFileReference; lastKnownFileType = sourcecode.swift; path = SliceRamp.swift; sourceTree = "<group>"; };
		F0F9F08C24EC725000DDCA14 /* Pad.swift */ = {isa = PBXFileReference; lastKnownFileType = sourcecode.swift; path = Pad.swift; sourceTree = "<group>"; };
/* End PBXFileReference section */

/* Begin PBXFrameworksBuildPhase section */
		F094B1F024E44C8D00039BCD /* Frameworks */ = {
			isa = PBXFrameworksBuildPhase;
			buildActionMask = 2147483647;
			files = (
				F04671A324E95F0400C6921D /* PolyKit in Frameworks */,
				E5A6835525CEF167000A4EBD /* OSCKit in Frameworks */,
				E5A6834325CEF0F5000A4EBD /* Trails in Frameworks */,
				E5A6834C25CEF11C000A4EBD /* AirKit in Frameworks */,
				E5A6834625CEF105000A4EBD /* MultiViews in Frameworks */,
				E5A6834925CEF110000A4EBD /* PolyKit in Frameworks */,
				F0381E9824E823CA00EFEC06 /* AirKit in Frameworks */,
			);
			runOnlyForDeploymentPostprocessing = 0;
		};
		F094B1F824E44C8D00039BCD /* Frameworks */ = {
			isa = PBXFrameworksBuildPhase;
			buildActionMask = 2147483647;
			files = (
				E5A6835225CEF12A000A4EBD /* PolyKit in Frameworks */,
				E5A6834E25CEF125000A4EBD /* Trails in Frameworks */,
				E5A6835025CEF127000A4EBD /* MultiViews in Frameworks */,
			);
			runOnlyForDeploymentPostprocessing = 0;
		};
/* End PBXFrameworksBuildPhase section */

/* Begin PBXGroup section */
		F00CEC7F24FE755600C4C4DE /* IO */ = {
			isa = PBXGroup;
			children = (
				F00CEC7324FE748C00C4C4DE /* OSC.swift */,
				F00CEC7624FE74BD00C4C4DE /* Settings.swift */,
				F00CEC7924FE752300C4C4DE /* Connection.swift */,
				F00CEC7C24FE755400C4C4DE /* Reachability.swift */,
			);
			path = IO;
			sourceTree = "<group>";
		};
		F027F4E924FE76EC00822F94 /* Hud */ = {
			isa = PBXGroup;
			children = (
				F0F9F08524EC6BE800DDCA14 /* StatusView.swift */,
				F04671AC24E9B1E700C6921D /* SettingsView.swift */,
				F027F4ED24FE796800822F94 /* OSC */,
			);
			path = Hud;
			sourceTree = "<group>";
		};
		F027F4ED24FE796800822F94 /* OSC */ = {
			isa = PBXGroup;
			children = (
				F027F4EA24FE76FE00822F94 /* OSCInfoView.swift */,
				F027F4EE24FE798100822F94 /* OSCSettingsView.swift */,
				F027F4F124FE7C0B00822F94 /* OSCSettingsPopupView.swift */,
			);
			path = OSC;
			sourceTree = "<group>";
		};
		F07B98B224EA975F00CF83A5 /* Settings */ = {
			isa = PBXGroup;
			children = (
				F0C9369C24E9CBD2002B9742 /* CompSettingsView.swift */,
				F07B98B324EA977A00CF83A5 /* CornerSettingView.swift */,
			);
			path = Settings;
			sourceTree = "<group>";
		};
		F08C1D9024EC4BAC00639315 /* Style */ = {
			isa = PBXGroup;
			children = (
				F0F9F08C24EC725000DDCA14 /* Pad.swift */,
				F0F9F08F24EC73A700DDCA14 /* Extensions */,
			);
			path = Style;
			sourceTree = "<group>";
		};
		F08C1D9424EC4C7500639315 /* Content */ = {
			isa = PBXGroup;
			children = (
				F08C1D8724EC488000639315 /* TestPattern.swift */,
				F0F9E3BD2500100F00F44B39 /* TagView.swift */,
				F0F9F08824EC6FAC00DDCA14 /* Ramps */,
				F0A65E7B24E47AF70090895D /* Grids */,
				F094B21924E4568100039BCD /* Shapes */,
			);
			path = Content;
			sourceTree = "<group>";
		};
		F094B1E624E44C8B00039BCD = {
			isa = PBXGroup;
			children = (
				F094B1EB24E44C8B00039BCD /* Shared */,
				F094B1F524E44C8D00039BCD /* iOS */,
				F094B1FC24E44C8D00039BCD /* macOS */,
				F094B1F424E44C8D00039BCD /* Products */,
				F094B21324E451AC00039BCD /* Frameworks */,
			);
			sourceTree = "<group>";
		};
		F094B1EB24E44C8B00039BCD /* Shared */ = {
			isa = PBXGroup;
			children = (
				F094B1EC24E44C8C00039BCD /* VJApp.swift */,
				F094B20D24E44CBD00039BCD /* VideoJockey.swift */,
				F04671B524E9B89900C6921D /* Comp.swift */,
				F00CEC7F24FE755600C4C4DE /* IO */,
				F0D9894C24E875D4005C3E7B /* Views */,
				F094B1EE24E44C8D00039BCD /* Assets.xcassets */,
			);
			path = Shared;
			sourceTree = "<group>";
		};
		F094B1F424E44C8D00039BCD /* Products */ = {
			isa = PBXGroup;
			children = (
				F094B1F324E44C8D00039BCD /* VJ.app */,
				F094B1FB24E44C8D00039BCD /* VJ.app */,
			);
			name = Products;
			sourceTree = "<group>";
		};
		F094B1F524E44C8D00039BCD /* iOS */ = {
			isa = PBXGroup;
			children = (
				F094B1F624E44C8D00039BCD /* Info.plist */,
			);
			path = iOS;
			sourceTree = "<group>";
		};
		F094B1FC24E44C8D00039BCD /* macOS */ = {
			isa = PBXGroup;
			children = (
				F094B1FD24E44C8D00039BCD /* Info.plist */,
				F094B1FE24E44C8D00039BCD /* macOS.entitlements */,
			);
			path = macOS;
			sourceTree = "<group>";
		};
		F094B21324E451AC00039BCD /* Frameworks */ = {
			isa = PBXGroup;
			children = (
				B5C383ED13CF3C52B4E0724E /* Pods_VJ__iOS_.framework */,
				822D8A2013955A4CA42A879B /* Pods_VJ__macOS_.framework */,
			);
			name = Frameworks;
			sourceTree = "<group>";
		};
		F094B21924E4568100039BCD /* Shapes */ = {
			isa = PBXGroup;
			children = (
				F0349CEF24FA6E3F00406864 /* HexView.swift */,
				F0F9E3C0250023F200F44B39 /* Geometry */,
			);
			path = Shapes;
			sourceTree = "<group>";
		};
		F0A65E7B24E47AF70090895D /* Grids */ = {
			isa = PBXGroup;
			children = (
				F0A65E7C24E47B090090895D /* GridView.swift */,
				F04671A624E95F4000C6921D /* HexGridView.swift */,
			);
			path = Grids;
			sourceTree = "<group>";
		};
		F0AC622424E9BE8300572CE9 /* Comp */ = {
			isa = PBXGroup;
			children = (
				F04671BA24E9B93100C6921D /* CompView.swift */,
				F0AC622824E9CB7400572CE9 /* Input */,
				F0AC622924E9CB7D00572CE9 /* Output */,
			);
			path = Comp;
			sourceTree = "<group>";
		};
		F0AC622824E9CB7400572CE9 /* Input */ = {
			isa = PBXGroup;
			children = (
				F04671B224E9B27400C6921D /* InputView.swift */,
				F0AC622524E9BFD300572CE9 /* PreCompView.swift */,
				F07B98B224EA975F00CF83A5 /* Settings */,
			);
			path = Input;
			sourceTree = "<group>";
		};
		F0AC622924E9CB7D00572CE9 /* Output */ = {
			isa = PBXGroup;
			children = (
				F020523C24F000F8000FFE80 /* FinalView.swift */,
				F04671AF24E9B23C00C6921D /* OutputView.swift */,
			);
			path = Output;
			sourceTree = "<group>";
		};
		F0D9894C24E875D4005C3E7B /* Views */ = {
			isa = PBXGroup;
			children = (
				F094B1ED24E44C8C00039BCD /* ContentView.swift */,
				F027F4E924FE76EC00822F94 /* Hud */,
				F0AC622424E9BE8300572CE9 /* Comp */,
				F08C1D9424EC4C7500639315 /* Content */,
				F08C1D9024EC4BAC00639315 /* Style */,
			);
			path = Views;
			sourceTree = "<group>";
		};
		F0F9E3C0250023F200F44B39 /* Geometry */ = {
			isa = PBXGroup;
			children = (
				F094B21624E4563300039BCD /* CircleView.swift */,
				F04671A924E9606E00C6921D /* PolyView.swift */,
			);
			path = Geometry;
			sourceTree = "<group>";
		};
		F0F9F08824EC6FAC00DDCA14 /* Ramps */ = {
			isa = PBXGroup;
			children = (
				F0F9F08924EC6FBD00DDCA14 /* SliceRamp.swift */,
			);
			path = Ramps;
			sourceTree = "<group>";
		};
		F0F9F08F24EC73A700DDCA14 /* Extensions */ = {
			isa = PBXGroup;
			children = (
				F08C1D8D24EC4ACC00639315 /* BG.swift */,
				F08C1D9124EC4BBD00639315 /* Mono.swift */,
			);
			path = Extensions;
			sourceTree = "<group>";
		};
/* End PBXGroup section */

/* Begin PBXNativeTarget section */
		F094B1F224E44C8D00039BCD /* VJ (iOS) */ = {
			isa = PBXNativeTarget;
			buildConfigurationList = F094B20724E44C8D00039BCD /* Build configuration list for PBXNativeTarget "VJ (iOS)" */;
			buildPhases = (
				F094B1EF24E44C8D00039BCD /* Sources */,
				F094B1F024E44C8D00039BCD /* Frameworks */,
				F094B1F124E44C8D00039BCD /* Resources */,
			);
			buildRules = (
			);
			dependencies = (
			);
			name = "VJ (iOS)";
			packageProductDependencies = (
				F0381E9724E823CA00EFEC06 /* AirKit */,
				F04671A224E95F0400C6921D /* PolyKit */,
				E5A6834225CEF0F5000A4EBD /* Trails */,
				E5A6834525CEF105000A4EBD /* MultiViews */,
				E5A6834825CEF110000A4EBD /* PolyKit */,
				E5A6834B25CEF11C000A4EBD /* AirKit */,
				E5A6835425CEF167000A4EBD /* OSCKit */,
			);
			productName = "VJ (iOS)";
			productReference = F094B1F324E44C8D00039BCD /* VJ.app */;
			productType = "com.apple.product-type.application";
		};
		F094B1FA24E44C8D00039BCD /* VJ (macOS) */ = {
			isa = PBXNativeTarget;
			buildConfigurationList = F094B20A24E44C8D00039BCD /* Build configuration list for PBXNativeTarget "VJ (macOS)" */;
			buildPhases = (
				2FB8F474058C10C8ED1DAA6A /* [CP] Check Pods Manifest.lock */,
				F094B1F724E44C8D00039BCD /* Sources */,
				F094B1F824E44C8D00039BCD /* Frameworks */,
				F094B1F924E44C8D00039BCD /* Resources */,
				8F02F25D0D574EA8A73AF5F8 /* [CP] Embed Pods Frameworks */,
			);
			buildRules = (
			);
			dependencies = (
			);
			name = "VJ (macOS)";
			packageProductDependencies = (
				E5A6834D25CEF125000A4EBD /* Trails */,
				E5A6834F25CEF127000A4EBD /* MultiViews */,
				E5A6835125CEF12A000A4EBD /* PolyKit */,
			);
			productName = "VJ (macOS)";
			productReference = F094B1FB24E44C8D00039BCD /* VJ.app */;
			productType = "com.apple.product-type.application";
		};
/* End PBXNativeTarget section */

/* Begin PBXProject section */
		F094B1E724E44C8B00039BCD /* Project object */ = {
			isa = PBXProject;
			attributes = {
				LastSwiftUpdateCheck = 1200;
				LastUpgradeCheck = 1200;
				TargetAttributes = {
					F094B1F224E44C8D00039BCD = {
						CreatedOnToolsVersion = 12.0;
					};
					F094B1FA24E44C8D00039BCD = {
						CreatedOnToolsVersion = 12.0;
					};
				};
			};
			buildConfigurationList = F094B1EA24E44C8B00039BCD /* Build configuration list for PBXProject "VJ" */;
			compatibilityVersion = "Xcode 9.3";
			developmentRegion = en;
			hasScannedForEncodings = 0;
			knownRegions = (
				en,
				Base,
			);
			mainGroup = F094B1E624E44C8B00039BCD;
			packageReferences = (
				E5A6834125CEF0F5000A4EBD /* XCRemoteSwiftPackageReference "Trails" */,
				E5A6834425CEF105000A4EBD /* XCRemoteSwiftPackageReference "MultiViews" */,
				E5A6834725CEF110000A4EBD /* XCRemoteSwiftPackageReference "PolyKit" */,
				E5A6834A25CEF11C000A4EBD /* XCRemoteSwiftPackageReference "AirKit" */,
				E5A6835325CEF167000A4EBD /* XCRemoteSwiftPackageReference "OSCKit" */,
			);
			productRefGroup = F094B1F424E44C8D00039BCD /* Products */;
			projectDirPath = "";
			projectRoot = "";
			targets = (
				F094B1F224E44C8D00039BCD /* VJ (iOS) */,
				F094B1FA24E44C8D00039BCD /* VJ (macOS) */,
			);
		};
/* End PBXProject section */

/* Begin PBXResourcesBuildPhase section */
		F094B1F124E44C8D00039BCD /* Resources */ = {
			isa = PBXResourcesBuildPhase;
			buildActionMask = 2147483647;
			files = (
				F094B20324E44C8D00039BCD /* Assets.xcassets in Resources */,
			);
			runOnlyForDeploymentPostprocessing = 0;
		};
		F094B1F924E44C8D00039BCD /* Resources */ = {
			isa = PBXResourcesBuildPhase;
			buildActionMask = 2147483647;
			files = (
				F094B20424E44C8D00039BCD /* Assets.xcassets in Resources */,
			);
			runOnlyForDeploymentPostprocessing = 0;
		};
/* End PBXResourcesBuildPhase section */

/* Begin PBXShellScriptBuildPhase section */
		2FB8F474058C10C8ED1DAA6A /* [CP] Check Pods Manifest.lock */ = {
			isa = PBXShellScriptBuildPhase;
			buildActionMask = 2147483647;
			files = (
			);
			inputFileListPaths = (
			);
			inputPaths = (
				"${PODS_PODFILE_DIR_PATH}/Podfile.lock",
				"${PODS_ROOT}/Manifest.lock",
			);
			name = "[CP] Check Pods Manifest.lock";
			outputFileListPaths = (
			);
			outputPaths = (
				"$(DERIVED_FILE_DIR)/Pods-VJ (macOS)-checkManifestLockResult.txt",
			);
			runOnlyForDeploymentPostprocessing = 0;
			shellPath = /bin/sh;
			shellScript = "diff \"${PODS_PODFILE_DIR_PATH}/Podfile.lock\" \"${PODS_ROOT}/Manifest.lock\" > /dev/null\nif [ $? != 0 ] ; then\n    # print error to STDERR\n    echo \"error: The sandbox is not in sync with the Podfile.lock. Run 'pod install' or update your CocoaPods installation.\" >&2\n    exit 1\nfi\n# This output is used by Xcode 'outputs' to avoid re-running this script phase.\necho \"SUCCESS\" > \"${SCRIPT_OUTPUT_FILE_0}\"\n";
			showEnvVarsInLog = 0;
		};
		8F02F25D0D574EA8A73AF5F8 /* [CP] Embed Pods Frameworks */ = {
			isa = PBXShellScriptBuildPhase;
			buildActionMask = 2147483647;
			files = (
			);
			inputFileListPaths = (
				"${PODS_ROOT}/Target Support Files/Pods-VJ (macOS)/Pods-VJ (macOS)-frameworks-${CONFIGURATION}-input-files.xcfilelist",
			);
			name = "[CP] Embed Pods Frameworks";
			outputFileListPaths = (
				"${PODS_ROOT}/Target Support Files/Pods-VJ (macOS)/Pods-VJ (macOS)-frameworks-${CONFIGURATION}-output-files.xcfilelist",
			);
			runOnlyForDeploymentPostprocessing = 0;
			shellPath = /bin/sh;
			shellScript = "\"${PODS_ROOT}/Target Support Files/Pods-VJ (macOS)/Pods-VJ (macOS)-frameworks.sh\"\n";
			showEnvVarsInLog = 0;
		};
/* End PBXShellScriptBuildPhase section */

/* Begin PBXSourcesBuildPhase section */
		F094B1EF24E44C8D00039BCD /* Sources */ = {
			isa = PBXSourcesBuildPhase;
			buildActionMask = 2147483647;
			files = (
				F094B21724E4563300039BCD /* CircleView.swift in Sources */,
				F0AC622624E9BFD300572CE9 /* PreCompView.swift in Sources */,
				F0F9F08A24EC6FBD00DDCA14 /* SliceRamp.swift in Sources */,
				F0F9E3BE2500100F00F44B39 /* TagView.swift in Sources */,
				F08C1D8824EC488000639315 /* TestPattern.swift in Sources */,
				F04671AD24E9B1E700C6921D /* SettingsView.swift in Sources */,
				F00CEC7D24FE755400C4C4DE /* Reachability.swift in Sources */,
				F094B20124E44C8D00039BCD /* ContentView.swift in Sources */,
				F04671A724E95F4000C6921D /* HexGridView.swift in Sources */,
				F094B1FF24E44C8D00039BCD /* VJApp.swift in Sources */,
				F0349CF024FA6E3F00406864 /* HexView.swift in Sources */,
				F00CEC7724FE74BD00C4C4DE /* Settings.swift in Sources */,
				F00CEC7424FE748C00C4C4DE /* OSC.swift in Sources */,
				F08C1D8E24EC4ACC00639315 /* BG.swift in Sources */,
				F04671AA24E9606E00C6921D /* PolyView.swift in Sources */,
				F00CEC7A24FE752300C4C4DE /* Connection.swift in Sources */,
				F04671BB24E9B93100C6921D /* CompView.swift in Sources */,
				F0A65E7D24E47B090090895D /* GridView.swift in Sources */,
				F0F9F08624EC6BE800DDCA14 /* StatusView.swift in Sources */,
				F0F9F08D24EC725000DDCA14 /* Pad.swift in Sources */,
				F020523D24F000F8000FFE80 /* FinalView.swift in Sources */,
				F027F4EF24FE798100822F94 /* OSCSettingsView.swift in Sources */,
				F027F4EB24FE76FE00822F94 /* OSCInfoView.swift in Sources */,
				F08C1D9224EC4BBD00639315 /* Mono.swift in Sources */,
				F04671B324E9B27400C6921D /* InputView.swift in Sources */,
				F027F4F224FE7C0B00822F94 /* OSCSettingsPopupView.swift in Sources */,
				F0C9369D24E9CBD2002B9742 /* CompSettingsView.swift in Sources */,
				F094B20E24E44CBD00039BCD /* VideoJockey.swift in Sources */,
				F04671B024E9B23C00C6921D /* OutputView.swift in Sources */,
				F04671B624E9B89900C6921D /* Comp.swift in Sources */,
				F07B98B424EA977A00CF83A5 /* CornerSettingView.swift in Sources */,
			);
			runOnlyForDeploymentPostprocessing = 0;
		};
		F094B1F724E44C8D00039BCD /* Sources */ = {
			isa = PBXSourcesBuildPhase;
			buildActionMask = 2147483647;
			files = (
				F07B98B524EA977A00CF83A5 /* CornerSettingView.swift in Sources */,
				F04671AE24E9B1E700C6921D /* SettingsView.swift in Sources */,
				F0F9F08B24EC6FBD00DDCA14 /* SliceRamp.swift in Sources */,
				F0F9E3BF2500100F00F44B39 /* TagView.swift in Sources */,
				F08C1D8924EC488000639315 /* TestPattern.swift in Sources */,
				F094B21824E4563300039BCD /* CircleView.swift in Sources */,
				F00CEC7E24FE755400C4C4DE /* Reachability.swift in Sources */,
				F04671BC24E9B93100C6921D /* CompView.swift in Sources */,
				F04671A824E95F4000C6921D /* HexGridView.swift in Sources */,
				F04671B724E9B89900C6921D /* Comp.swift in Sources */,
				F0349CF124FA6E3F00406864 /* HexView.swift in Sources */,
				F00CEC7824FE74BD00C4C4DE /* Settings.swift in Sources */,
				F00CEC7524FE748C00C4C4DE /* OSC.swift in Sources */,
				F08C1D8F24EC4ACC00639315 /* BG.swift in Sources */,
				F0AC622724E9BFD300572CE9 /* PreCompView.swift in Sources */,
				F00CEC7B24FE752300C4C4DE /* Connection.swift in Sources */,
				F0C9369E24E9CBD2002B9742 /* CompSettingsView.swift in Sources */,
				F0F9F08724EC6BE800DDCA14 /* StatusView.swift in Sources */,
				F0F9F08E24EC725000DDCA14 /* Pad.swift in Sources */,
				F04671AB24E9606E00C6921D /* PolyView.swift in Sources */,
				F020523E24F000F8000FFE80 /* FinalView.swift in Sources */,
				F027F4F024FE798100822F94 /* OSCSettingsView.swift in Sources */,
				F027F4EC24FE76FE00822F94 /* OSCInfoView.swift in Sources */,
				F08C1D9324EC4BBD00639315 /* Mono.swift in Sources */,
				F094B20224E44C8D00039BCD /* ContentView.swift in Sources */,
				F027F4F324FE7C0B00822F94 /* OSCSettingsPopupView.swift in Sources */,
				F094B20024E44C8D00039BCD /* VJApp.swift in Sources */,
				F04671B424E9B27400C6921D /* InputView.swift in Sources */,
				F094B20F24E44CBD00039BCD /* VideoJockey.swift in Sources */,
				F0642F8024EAE2A000693C7E /* GridView.swift in Sources */,
				F04671B124E9B23C00C6921D /* OutputView.swift in Sources */,
			);
			runOnlyForDeploymentPostprocessing = 0;
		};
/* End PBXSourcesBuildPhase section */

/* Begin XCBuildConfiguration section */
		F094B20524E44C8D00039BCD /* Debug */ = {
			isa = XCBuildConfiguration;
			buildSettings = {
				ALWAYS_SEARCH_USER_PATHS = NO;
				CLANG_ANALYZER_NONNULL = YES;
				CLANG_ANALYZER_NUMBER_OBJECT_CONVERSION = YES_AGGRESSIVE;
				CLANG_CXX_LANGUAGE_STANDARD = "gnu++14";
				CLANG_CXX_LIBRARY = "libc++";
				CLANG_ENABLE_MODULES = YES;
				CLANG_ENABLE_OBJC_ARC = YES;
				CLANG_ENABLE_OBJC_WEAK = YES;
				CLANG_WARN_BLOCK_CAPTURE_AUTORELEASING = YES;
				CLANG_WARN_BOOL_CONVERSION = YES;
				CLANG_WARN_COMMA = YES;
				CLANG_WARN_CONSTANT_CONVERSION = YES;
				CLANG_WARN_DEPRECATED_OBJC_IMPLEMENTATIONS = YES;
				CLANG_WARN_DIRECT_OBJC_ISA_USAGE = YES_ERROR;
				CLANG_WARN_DOCUMENTATION_COMMENTS = YES;
				CLANG_WARN_EMPTY_BODY = YES;
				CLANG_WARN_ENUM_CONVERSION = YES;
				CLANG_WARN_INFINITE_RECURSION = YES;
				CLANG_WARN_INT_CONVERSION = YES;
				CLANG_WARN_NON_LITERAL_NULL_CONVERSION = YES;
				CLANG_WARN_OBJC_IMPLICIT_RETAIN_SELF = YES;
				CLANG_WARN_OBJC_LITERAL_CONVERSION = YES;
				CLANG_WARN_OBJC_ROOT_CLASS = YES_ERROR;
				CLANG_WARN_QUOTED_INCLUDE_IN_FRAMEWORK_HEADER = YES;
				CLANG_WARN_RANGE_LOOP_ANALYSIS = YES;
				CLANG_WARN_STRICT_PROTOTYPES = YES;
				CLANG_WARN_SUSPICIOUS_MOVE = YES;
				CLANG_WARN_UNGUARDED_AVAILABILITY = YES_AGGRESSIVE;
				CLANG_WARN_UNREACHABLE_CODE = YES;
				CLANG_WARN__DUPLICATE_METHOD_MATCH = YES;
				COPY_PHASE_STRIP = NO;
				DEBUG_INFORMATION_FORMAT = dwarf;
				ENABLE_STRICT_OBJC_MSGSEND = YES;
				ENABLE_TESTABILITY = YES;
				GCC_C_LANGUAGE_STANDARD = gnu11;
				GCC_DYNAMIC_NO_PIC = NO;
				GCC_NO_COMMON_BLOCKS = YES;
				GCC_OPTIMIZATION_LEVEL = 0;
				GCC_PREPROCESSOR_DEFINITIONS = (
					"DEBUG=1",
					"$(inherited)",
				);
				GCC_WARN_64_TO_32_BIT_CONVERSION = YES;
				GCC_WARN_ABOUT_RETURN_TYPE = YES_ERROR;
				GCC_WARN_UNDECLARED_SELECTOR = YES;
				GCC_WARN_UNINITIALIZED_AUTOS = YES_AGGRESSIVE;
				GCC_WARN_UNUSED_FUNCTION = YES;
				GCC_WARN_UNUSED_VARIABLE = YES;
				MTL_ENABLE_DEBUG_INFO = INCLUDE_SOURCE;
				MTL_FAST_MATH = YES;
				ONLY_ACTIVE_ARCH = YES;
				SWIFT_ACTIVE_COMPILATION_CONDITIONS = DEBUG;
				SWIFT_OPTIMIZATION_LEVEL = "-Onone";
			};
			name = Debug;
		};
		F094B20624E44C8D00039BCD /* Release */ = {
			isa = XCBuildConfiguration;
			buildSettings = {
				ALWAYS_SEARCH_USER_PATHS = NO;
				CLANG_ANALYZER_NONNULL = YES;
				CLANG_ANALYZER_NUMBER_OBJECT_CONVERSION = YES_AGGRESSIVE;
				CLANG_CXX_LANGUAGE_STANDARD = "gnu++14";
				CLANG_CXX_LIBRARY = "libc++";
				CLANG_ENABLE_MODULES = YES;
				CLANG_ENABLE_OBJC_ARC = YES;
				CLANG_ENABLE_OBJC_WEAK = YES;
				CLANG_WARN_BLOCK_CAPTURE_AUTORELEASING = YES;
				CLANG_WARN_BOOL_CONVERSION = YES;
				CLANG_WARN_COMMA = YES;
				CLANG_WARN_CONSTANT_CONVERSION = YES;
				CLANG_WARN_DEPRECATED_OBJC_IMPLEMENTATIONS = YES;
				CLANG_WARN_DIRECT_OBJC_ISA_USAGE = YES_ERROR;
				CLANG_WARN_DOCUMENTATION_COMMENTS = YES;
				CLANG_WARN_EMPTY_BODY = YES;
				CLANG_WARN_ENUM_CONVERSION = YES;
				CLANG_WARN_INFINITE_RECURSION = YES;
				CLANG_WARN_INT_CONVERSION = YES;
				CLANG_WARN_NON_LITERAL_NULL_CONVERSION = YES;
				CLANG_WARN_OBJC_IMPLICIT_RETAIN_SELF = YES;
				CLANG_WARN_OBJC_LITERAL_CONVERSION = YES;
				CLANG_WARN_OBJC_ROOT_CLASS = YES_ERROR;
				CLANG_WARN_QUOTED_INCLUDE_IN_FRAMEWORK_HEADER = YES;
				CLANG_WARN_RANGE_LOOP_ANALYSIS = YES;
				CLANG_WARN_STRICT_PROTOTYPES = YES;
				CLANG_WARN_SUSPICIOUS_MOVE = YES;
				CLANG_WARN_UNGUARDED_AVAILABILITY = YES_AGGRESSIVE;
				CLANG_WARN_UNREACHABLE_CODE = YES;
				CLANG_WARN__DUPLICATE_METHOD_MATCH = YES;
				COPY_PHASE_STRIP = NO;
				DEBUG_INFORMATION_FORMAT = "dwarf-with-dsym";
				ENABLE_NS_ASSERTIONS = NO;
				ENABLE_STRICT_OBJC_MSGSEND = YES;
				GCC_C_LANGUAGE_STANDARD = gnu11;
				GCC_NO_COMMON_BLOCKS = YES;
				GCC_WARN_64_TO_32_BIT_CONVERSION = YES;
				GCC_WARN_ABOUT_RETURN_TYPE = YES_ERROR;
				GCC_WARN_UNDECLARED_SELECTOR = YES;
				GCC_WARN_UNINITIALIZED_AUTOS = YES_AGGRESSIVE;
				GCC_WARN_UNUSED_FUNCTION = YES;
				GCC_WARN_UNUSED_VARIABLE = YES;
				MTL_ENABLE_DEBUG_INFO = NO;
				MTL_FAST_MATH = YES;
				SWIFT_COMPILATION_MODE = wholemodule;
				SWIFT_OPTIMIZATION_LEVEL = "-O";
			};
			name = Release;
		};
		F094B20824E44C8D00039BCD /* Debug */ = {
			isa = XCBuildConfiguration;
			buildSettings = {
				ASSETCATALOG_COMPILER_APPICON_NAME = AppIcon;
				ASSETCATALOG_COMPILER_GLOBAL_ACCENT_COLOR_NAME = AccentColor;
				CODE_SIGN_STYLE = Automatic;
				DEVELOPMENT_TEAM = 2QHTY6FMW2;
				ENABLE_PREVIEWS = YES;
				INFOPLIST_FILE = iOS/Info.plist;
				IPHONEOS_DEPLOYMENT_TARGET = 14.0;
				LD_RUNPATH_SEARCH_PATHS = (
					"$(inherited)",
					"@executable_path/Frameworks",
				);
				MARKETING_VERSION = 1.0.1;
				PRODUCT_BUNDLE_IDENTIFIER = net.hexagons.VJ;
				PRODUCT_NAME = VJ;
				SDKROOT = iphoneos;
				SWIFT_VERSION = 5.0;
				TARGETED_DEVICE_FAMILY = 2;
			};
			name = Debug;
		};
		F094B20924E44C8D00039BCD /* Release */ = {
			isa = XCBuildConfiguration;
			buildSettings = {
				ASSETCATALOG_COMPILER_APPICON_NAME = AppIcon;
				ASSETCATALOG_COMPILER_GLOBAL_ACCENT_COLOR_NAME = AccentColor;
				CODE_SIGN_STYLE = Automatic;
				DEVELOPMENT_TEAM = 2QHTY6FMW2;
				ENABLE_PREVIEWS = YES;
				INFOPLIST_FILE = iOS/Info.plist;
				IPHONEOS_DEPLOYMENT_TARGET = 14.0;
				LD_RUNPATH_SEARCH_PATHS = (
					"$(inherited)",
					"@executable_path/Frameworks",
				);
				MARKETING_VERSION = 1.0.1;
				PRODUCT_BUNDLE_IDENTIFIER = net.hexagons.VJ;
				PRODUCT_NAME = VJ;
				SDKROOT = iphoneos;
				SWIFT_VERSION = 5.0;
				TARGETED_DEVICE_FAMILY = 2;
				VALIDATE_PRODUCT = YES;
			};
			name = Release;
		};
		F094B20B24E44C8D00039BCD /* Debug */ = {
			isa = XCBuildConfiguration;
			buildSettings = {
				ASSETCATALOG_COMPILER_APPICON_NAME = AppIcon;
				ASSETCATALOG_COMPILER_GLOBAL_ACCENT_COLOR_NAME = AccentColor;
				CODE_SIGN_ENTITLEMENTS = macOS/macOS.entitlements;
				CODE_SIGN_STYLE = Automatic;
				COMBINE_HIDPI_IMAGES = YES;
				DEVELOPMENT_TEAM = 2QHTY6FMW2;
				ENABLE_HARDENED_RUNTIME = YES;
				ENABLE_PREVIEWS = YES;
				INFOPLIST_FILE = macOS/Info.plist;
				LD_RUNPATH_SEARCH_PATHS = (
					"$(inherited)",
					"@executable_path/../Frameworks",
				);
				MACOSX_DEPLOYMENT_TARGET = 11.0;
				MARKETING_VERSION = 1.0.1;
				PRODUCT_BUNDLE_IDENTIFIER = net.hexagons.VJ;
				PRODUCT_NAME = VJ;
				SDKROOT = macosx;
				SWIFT_VERSION = 5.0;
			};
			name = Debug;
		};
		F094B20C24E44C8D00039BCD /* Release */ = {
			isa = XCBuildConfiguration;
			buildSettings = {
				ASSETCATALOG_COMPILER_APPICON_NAME = AppIcon;
				ASSETCATALOG_COMPILER_GLOBAL_ACCENT_COLOR_NAME = AccentColor;
				CODE_SIGN_ENTITLEMENTS = macOS/macOS.entitlements;
				CODE_SIGN_STYLE = Automatic;
				COMBINE_HIDPI_IMAGES = YES;
				DEVELOPMENT_TEAM = 2QHTY6FMW2;
				ENABLE_HARDENED_RUNTIME = YES;
				ENABLE_PREVIEWS = YES;
				INFOPLIST_FILE = macOS/Info.plist;
				LD_RUNPATH_SEARCH_PATHS = (
					"$(inherited)",
					"@executable_path/../Frameworks",
				);
				MACOSX_DEPLOYMENT_TARGET = 11.0;
				MARKETING_VERSION = 1.0.1;
				PRODUCT_BUNDLE_IDENTIFIER = net.hexagons.VJ;
				PRODUCT_NAME = VJ;
				SDKROOT = macosx;
				SWIFT_VERSION = 5.0;
			};
			name = Release;
		};
/* End XCBuildConfiguration section */

/* Begin XCConfigurationList section */
		F094B1EA24E44C8B00039BCD /* Build configuration list for PBXProject "VJ" */ = {
			isa = XCConfigurationList;
			buildConfigurations = (
				F094B20524E44C8D00039BCD /* Debug */,
				F094B20624E44C8D00039BCD /* Release */,
			);
			defaultConfigurationIsVisible = 0;
			defaultConfigurationName = Release;
		};
		F094B20724E44C8D00039BCD /* Build configuration list for PBXNativeTarget "VJ (iOS)" */ = {
			isa = XCConfigurationList;
			buildConfigurations = (
				F094B20824E44C8D00039BCD /* Debug */,
				F094B20924E44C8D00039BCD /* Release */,
			);
			defaultConfigurationIsVisible = 0;
			defaultConfigurationName = Release;
		};
		F094B20A24E44C8D00039BCD /* Build configuration list for PBXNativeTarget "VJ (macOS)" */ = {
			isa = XCConfigurationList;
			buildConfigurations = (
				F094B20B24E44C8D00039BCD /* Debug */,
				F094B20C24E44C8D00039BCD /* Release */,
			);
			defaultConfigurationIsVisible = 0;
			defaultConfigurationName = Release;
		};
/* End XCConfigurationList section */

/* Begin XCRemoteSwiftPackageReference section */
		E5A6834125CEF0F5000A4EBD /* XCRemoteSwiftPackageReference "Trails" */ = {
			isa = XCRemoteSwiftPackageReference;
			repositoryURL = "https://github.com/heestand-xyz/Trails";
			requirement = {
				kind = upToNextMajorVersion;
				minimumVersion = 1.1.2;
			};
		};
		E5A6834425CEF105000A4EBD /* XCRemoteSwiftPackageReference "MultiViews" */ = {
			isa = XCRemoteSwiftPackageReference;
			repositoryURL = "https://github.com/heestand-xyz/MultiViews";
			requirement = {
				kind = upToNextMajorVersion;
				minimumVersion = 1.1.1;
			};
		};
		E5A6834725CEF110000A4EBD /* XCRemoteSwiftPackageReference "PolyKit" */ = {
			isa = XCRemoteSwiftPackageReference;
			repositoryURL = "https://github.com/heestand-xyz/PolyKit";
			requirement = {
				kind = upToNextMajorVersion;
				minimumVersion = 1.0.3;
			};
		};
		E5A6834A25CEF11C000A4EBD /* XCRemoteSwiftPackageReference "AirKit" */ = {
			isa = XCRemoteSwiftPackageReference;
			repositoryURL = "https://github.com/heestand-xyz/AirKit";
			requirement = {
				kind = upToNextMajorVersion;
				minimumVersion = 1.0.1;
			};
		};
		E5A6835325CEF167000A4EBD /* XCRemoteSwiftPackageReference "OSCKit" */ = {
			isa = XCRemoteSwiftPackageReference;
			repositoryURL = "https://github.com/sammysmallman/OSCKit.git";
			requirement = {
				kind = upToNextMajorVersion;
				minimumVersion = 2.1.3;
			};
		};
/* End XCRemoteSwiftPackageReference section */

/* Begin XCSwiftPackageProductDependency section */
		E5A6834225CEF0F5000A4EBD /* Trails */ = {
			isa = XCSwiftPackageProductDependency;
			package = E5A6834125CEF0F5000A4EBD /* XCRemoteSwiftPackageReference "Trails" */;
			productName = Trails;
		};
		E5A6834525CEF105000A4EBD /* MultiViews */ = {
			isa = XCSwiftPackageProductDependency;
			package = E5A6834425CEF105000A4EBD /* XCRemoteSwiftPackageReference "MultiViews" */;
			productName = MultiViews;
		};
		E5A6834825CEF110000A4EBD /* PolyKit */ = {
			isa = XCSwiftPackageProductDependency;
			package = E5A6834725CEF110000A4EBD /* XCRemoteSwiftPackageReference "PolyKit" */;
			productName = PolyKit;
		};
		E5A6834B25CEF11C000A4EBD /* AirKit */ = {
			isa = XCSwiftPackageProductDependency;
			package = E5A6834A25CEF11C000A4EBD /* XCRemoteSwiftPackageReference "AirKit" */;
			productName = AirKit;
		};
		E5A6834D25CEF125000A4EBD /* Trails */ = {
			isa = XCSwiftPackageProductDependency;
			package = E5A6834125CEF0F5000A4EBD /* XCRemoteSwiftPackageReference "Trails" */;
			productName = Trails;
		};
		E5A6834F25CEF127000A4EBD /* MultiViews */ = {
			isa = XCSwiftPackageProductDependency;
			package = E5A6834425CEF105000A4EBD /* XCRemoteSwiftPackageReference "MultiViews" */;
			productName = MultiViews;
		};
		E5A6835125CEF12A000A4EBD /* PolyKit */ = {
			isa = XCSwiftPackageProductDependency;
			package = E5A6834725CEF110000A4EBD /* XCRemoteSwiftPackageReference "PolyKit" */;
			productName = PolyKit;
		};
		E5A6835425CEF167000A4EBD /* OSCKit */ = {
			isa = XCSwiftPackageProductDependency;
			package = E5A6835325CEF167000A4EBD /* XCRemoteSwiftPackageReference "OSCKit" */;
			productName = OSCKit;
		};
		F0381E9724E823CA00EFEC06 /* AirKit */ = {
			isa = XCSwiftPackageProductDependency;
			productName = AirKit;
		};
		F04671A224E95F0400C6921D /* PolyKit */ = {
			isa = XCSwiftPackageProductDependency;
			productName = PolyKit;
		};
/* End XCSwiftPackageProductDependency section */
	};
	rootObject = F094B1E724E44C8B00039BCD /* Project object */;
}
